// !$*UTF8*$!
{
	archiveVersion = 1;
	classes = {
	};
	objectVersion = 51;
	objects = {

/* Begin PBXBuildFile section */
		49667AE4590C9424DBCC5E3B /* Pods_Features_Tab.framework in Frameworks */ = {isa = PBXBuildFile; fileRef = C7B82623168675C41C9F6A39 /* Pods_Features_Tab.framework */; };
		A28406C524E9EA8400C487B0 /* Tab.framework in Frameworks */ = {isa = PBXBuildFile; fileRef = A28406BB24E9EA8400C487B0 /* Tab.framework */; };
		A28406CA24E9EA8400C487B0 /* TabTests.swift in Sources */ = {isa = PBXBuildFile; fileRef = A28406C924E9EA8400C487B0 /* TabTests.swift */; };
		A28406CC24E9EA8400C487B0 /* Tab.h in Headers */ = {isa = PBXBuildFile; fileRef = A28406BE24E9EA8400C487B0 /* Tab.h */; settings = {ATTRIBUTES = (Public, ); }; };
		A284084724EA323D00C487B0 /* Module.swift in Sources */ = {isa = PBXBuildFile; fileRef = A284084624EA323D00C487B0 /* Module.swift */; };
		A284084B24EA327400C487B0 /* State.swift in Sources */ = {isa = PBXBuildFile; fileRef = A284084A24EA327400C487B0 /* State.swift */; };
		A284084D24EA328100C487B0 /* NavigationActionMapper.swift in Sources */ = {isa = PBXBuildFile; fileRef = A284084C24EA328100C487B0 /* NavigationActionMapper.swift */; };
		A284084F24EA328800C487B0 /* Action.swift in Sources */ = {isa = PBXBuildFile; fileRef = A284084E24EA328800C487B0 /* Action.swift */; };
		A284085324EA32A200C487B0 /* ModuleMapper.swift in Sources */ = {isa = PBXBuildFile; fileRef = A284085224EA32A200C487B0 /* ModuleMapper.swift */; };
		A284085624EA334000C487B0 /* TabOne.framework in Frameworks */ = {isa = PBXBuildFile; fileRef = A284085424EA334000C487B0 /* TabOne.framework */; };
		A284085824EA334000C487B0 /* TabTwo.framework in Frameworks */ = {isa = PBXBuildFile; fileRef = A284085524EA334000C487B0 /* TabTwo.framework */; };
		A284085C24EA336B00C487B0 /* Common.framework in Frameworks */ = {isa = PBXBuildFile; fileRef = A284085B24EA336B00C487B0 /* Common.framework */; };
		F836B7547B584591F750DA95 /* Pods_Features_Tab_TabTests.framework in Frameworks */ = {isa = PBXBuildFile; fileRef = DC6CB172ED9FA3B5B2B75A78 /* Pods_Features_Tab_TabTests.framework */; };
/* End PBXBuildFile section */

/* Begin PBXContainerItemProxy section */
		A28406C624E9EA8400C487B0 /* PBXContainerItemProxy */ = {
			isa = PBXContainerItemProxy;
			containerPortal = A28406B224E9EA8400C487B0 /* Project object */;
			proxyType = 1;
			remoteGlobalIDString = A28406BA24E9EA8400C487B0;
			remoteInfo = Tab;
		};
/* End PBXContainerItemProxy section */

/* Begin PBXFileReference section */
		00EAF801C43FDF8CC15D4F00 /* Pods-Features-Tab.debug.xcconfig */ = {isa = PBXFileReference; includeInIndex = 1; lastKnownFileType = text.xcconfig; name = "Pods-Features-Tab.debug.xcconfig"; path = "Target Support Files/Pods-Features-Tab/Pods-Features-Tab.debug.xcconfig"; sourceTree = "<group>"; };
		06019FF5E22F8578C44D2920 /* Pods-Tab.debug.xcconfig */ = {isa = PBXFileReference; includeInIndex = 1; lastKnownFileType = text.xcconfig; name = "Pods-Tab.debug.xcconfig"; path = "Target Support Files/Pods-Tab/Pods-Tab.debug.xcconfig"; sourceTree = "<group>"; };
		5CB5726BC772B903E8B8617F /* Pods-Features-Tab-TabTests.debug.xcconfig */ = {isa = PBXFileReference; includeInIndex = 1; lastKnownFileType = text.xcconfig; name = "Pods-Features-Tab-TabTests.debug.xcconfig"; path = "Target Support Files/Pods-Features-Tab-TabTests/Pods-Features-Tab-TabTests.debug.xcconfig"; sourceTree = "<group>"; };
		6854050E8F4C1C0AF8AA2E28 /* Pods-Whatever-Tab.release.xcconfig */ = {isa = PBXFileReference; includeInIndex = 1; lastKnownFileType = text.xcconfig; name = "Pods-Whatever-Tab.release.xcconfig"; path = "Target Support Files/Pods-Whatever-Tab/Pods-Whatever-Tab.release.xcconfig"; sourceTree = "<group>"; };
		883874C316F0A59D09D63065 /* Pods-Tab.release.xcconfig */ = {isa = PBXFileReference; includeInIndex = 1; lastKnownFileType = text.xcconfig; name = "Pods-Tab.release.xcconfig"; path = "Target Support Files/Pods-Tab/Pods-Tab.release.xcconfig"; sourceTree = "<group>"; };
		8BE07BD44E638B702FB47934 /* Pods-Features-Tab-TabTests.release.xcconfig */ = {isa = PBXFileReference; includeInIndex = 1; lastKnownFileType = text.xcconfig; name = "Pods-Features-Tab-TabTests.release.xcconfig"; path = "Target Support Files/Pods-Features-Tab-TabTests/Pods-Features-Tab-TabTests.release.xcconfig"; sourceTree = "<group>"; };
		932EDB4226DA7AAADE477A5A /* Pods-Features-Tab.release.xcconfig */ = {isa = PBXFileReference; includeInIndex = 1; lastKnownFileType = text.xcconfig; name = "Pods-Features-Tab.release.xcconfig"; path = "Target Support Files/Pods-Features-Tab/Pods-Features-Tab.release.xcconfig"; sourceTree = "<group>"; };
		A28406BB24E9EA8400C487B0 /* Tab.framework */ = {isa = PBXFileReference; explicitFileType = wrapper.framework; includeInIndex = 0; path = Tab.framework; sourceTree = BUILT_PRODUCTS_DIR; };
		A28406BE24E9EA8400C487B0 /* Tab.h */ = {isa = PBXFileReference; lastKnownFileType = sourcecode.c.h; path = Tab.h; sourceTree = "<group>"; };
		A28406BF24E9EA8400C487B0 /* Info.plist */ = {isa = PBXFileReference; lastKnownFileType = text.plist.xml; path = Info.plist; sourceTree = "<group>"; };
		A28406C424E9EA8400C487B0 /* TabTests.xctest */ = {isa = PBXFileReference; explicitFileType = wrapper.cfbundle; includeInIndex = 0; path = TabTests.xctest; sourceTree = BUILT_PRODUCTS_DIR; };
		A28406C924E9EA8400C487B0 /* TabTests.swift */ = {isa = PBXFileReference; lastKnownFileType = sourcecode.swift; path = TabTests.swift; sourceTree = "<group>"; };
		A28406CB24E9EA8400C487B0 /* Info.plist */ = {isa = PBXFileReference; lastKnownFileType = text.plist.xml; path = Info.plist; sourceTree = "<group>"; };
		A284084624EA323D00C487B0 /* Module.swift */ = {isa = PBXFileReference; lastKnownFileType = sourcecode.swift; path = Module.swift; sourceTree = "<group>"; };
		A284084A24EA327400C487B0 /* State.swift */ = {isa = PBXFileReference; lastKnownFileType = sourcecode.swift; path = State.swift; sourceTree = "<group>"; };
		A284084C24EA328100C487B0 /* NavigationActionMapper.swift */ = {isa = PBXFileReference; lastKnownFileType = sourcecode.swift; path = NavigationActionMapper.swift; sourceTree = "<group>"; };
		A284084E24EA328800C487B0 /* Action.swift */ = {isa = PBXFileReference; lastKnownFileType = sourcecode.swift; path = Action.swift; sourceTree = "<group>"; };
		A284085224EA32A200C487B0 /* ModuleMapper.swift */ = {isa = PBXFileReference; lastKnownFileType = sourcecode.swift; path = ModuleMapper.swift; sourceTree = "<group>"; };
		A284085424EA334000C487B0 /* TabOne.framework */ = {isa = PBXFileReference; explicitFileType = wrapper.framework; path = TabOne.framework; sourceTree = BUILT_PRODUCTS_DIR; };
		A284085524EA334000C487B0 /* TabTwo.framework */ = {isa = PBXFileReference; explicitFileType = wrapper.framework; path = TabTwo.framework; sourceTree = BUILT_PRODUCTS_DIR; };
		A284085B24EA336B00C487B0 /* Common.framework */ = {isa = PBXFileReference; explicitFileType = wrapper.framework; path = Common.framework; sourceTree = BUILT_PRODUCTS_DIR; };
		C0333C932CA3D37CD1DD41DB /* Pods-Whatever-Tab.debug.xcconfig */ = {isa = PBXFileReference; includeInIndex = 1; lastKnownFileType = text.xcconfig; name = "Pods-Whatever-Tab.debug.xcconfig"; path = "Target Support Files/Pods-Whatever-Tab/Pods-Whatever-Tab.debug.xcconfig"; sourceTree = "<group>"; };
		C7B82623168675C41C9F6A39 /* Pods_Features_Tab.framework */ = {isa = PBXFileReference; explicitFileType = wrapper.framework; includeInIndex = 0; path = Pods_Features_Tab.framework; sourceTree = BUILT_PRODUCTS_DIR; };
		DC6CB172ED9FA3B5B2B75A78 /* Pods_Features_Tab_TabTests.framework */ = {isa = PBXFileReference; explicitFileType = wrapper.framework; includeInIndex = 0; path = Pods_Features_Tab_TabTests.framework; sourceTree = BUILT_PRODUCTS_DIR; };
/* End PBXFileReference section */

/* Begin PBXFrameworksBuildPhase section */
		A28406B824E9EA8400C487B0 /* Frameworks */ = {
			isa = PBXFrameworksBuildPhase;
			buildActionMask = 2147483647;
			files = (
				A284085C24EA336B00C487B0 /* Common.framework in Frameworks */,
				A284085824EA334000C487B0 /* TabTwo.framework in Frameworks */,
				A284085624EA334000C487B0 /* TabOne.framework in Frameworks */,
				49667AE4590C9424DBCC5E3B /* Pods_Features_Tab.framework in Frameworks */,
			);
			runOnlyForDeploymentPostprocessing = 0;
		};
		A28406C124E9EA8400C487B0 /* Frameworks */ = {
			isa = PBXFrameworksBuildPhase;
			buildActionMask = 2147483647;
			files = (
				A28406C524E9EA8400C487B0 /* Tab.framework in Frameworks */,
				F836B7547B584591F750DA95 /* Pods_Features_Tab_TabTests.framework in Frameworks */,
			);
			runOnlyForDeploymentPostprocessing = 0;
		};
/* End PBXFrameworksBuildPhase section */

/* Begin PBXGroup section */
		A28406B124E9EA8400C487B0 = {
			isa = PBXGroup;
			children = (
				A28406BD24E9EA8400C487B0 /* Tab */,
				A28406C824E9EA8400C487B0 /* TabTests */,
				A28406BC24E9EA8400C487B0 /* Products */,
				C537FD223EF005A3B36437B2 /* Pods */,
				AE4EF956A2C690D0FE7F21E2 /* Frameworks */,
			);
			sourceTree = "<group>";
		};
		A28406BC24E9EA8400C487B0 /* Products */ = {
			isa = PBXGroup;
			children = (
				A28406BB24E9EA8400C487B0 /* Tab.framework */,
				A28406C424E9EA8400C487B0 /* TabTests.xctest */,
			);
			name = Products;
			sourceTree = "<group>";
		};
		A28406BD24E9EA8400C487B0 /* Tab */ = {
			isa = PBXGroup;
			children = (
				A284085224EA32A200C487B0 /* ModuleMapper.swift */,
				A284084624EA323D00C487B0 /* Module.swift */,
				A284084A24EA327400C487B0 /* State.swift */,
				A284084E24EA328800C487B0 /* Action.swift */,
				A284084C24EA328100C487B0 /* NavigationActionMapper.swift */,
				A28406BE24E9EA8400C487B0 /* Tab.h */,
				A28406BF24E9EA8400C487B0 /* Info.plist */,
			);
			path = Tab;
			sourceTree = "<group>";
		};
		A28406C824E9EA8400C487B0 /* TabTests */ = {
			isa = PBXGroup;
			children = (
				A28406C924E9EA8400C487B0 /* TabTests.swift */,
				A28406CB24E9EA8400C487B0 /* Info.plist */,
			);
			path = TabTests;
			sourceTree = "<group>";
		};
		AE4EF956A2C690D0FE7F21E2 /* Frameworks */ = {
			isa = PBXGroup;
			children = (
				A284085B24EA336B00C487B0 /* Common.framework */,
				A284085424EA334000C487B0 /* TabOne.framework */,
				A284085524EA334000C487B0 /* TabTwo.framework */,
				C7B82623168675C41C9F6A39 /* Pods_Features_Tab.framework */,
				DC6CB172ED9FA3B5B2B75A78 /* Pods_Features_Tab_TabTests.framework */,
			);
			name = Frameworks;
			sourceTree = "<group>";
		};
		C537FD223EF005A3B36437B2 /* Pods */ = {
			isa = PBXGroup;
			children = (
				06019FF5E22F8578C44D2920 /* Pods-Tab.debug.xcconfig */,
				883874C316F0A59D09D63065 /* Pods-Tab.release.xcconfig */,
				C0333C932CA3D37CD1DD41DB /* Pods-Whatever-Tab.debug.xcconfig */,
				6854050E8F4C1C0AF8AA2E28 /* Pods-Whatever-Tab.release.xcconfig */,
				00EAF801C43FDF8CC15D4F00 /* Pods-Features-Tab.debug.xcconfig */,
				932EDB4226DA7AAADE477A5A /* Pods-Features-Tab.release.xcconfig */,
				5CB5726BC772B903E8B8617F /* Pods-Features-Tab-TabTests.debug.xcconfig */,
				8BE07BD44E638B702FB47934 /* Pods-Features-Tab-TabTests.release.xcconfig */,
			);
			name = Pods;
			path = ../../Pods;
			sourceTree = "<group>";
		};
/* End PBXGroup section */

/* Begin PBXHeadersBuildPhase section */
		A28406B624E9EA8400C487B0 /* Headers */ = {
			isa = PBXHeadersBuildPhase;
			buildActionMask = 2147483647;
			files = (
				A28406CC24E9EA8400C487B0 /* Tab.h in Headers */,
			);
			runOnlyForDeploymentPostprocessing = 0;
		};
/* End PBXHeadersBuildPhase section */

/* Begin PBXNativeTarget section */
		A28406BA24E9EA8400C487B0 /* Tab */ = {
			isa = PBXNativeTarget;
			buildConfigurationList = A28406CF24E9EA8400C487B0 /* Build configuration list for PBXNativeTarget "Tab" */;
			buildPhases = (
				9FF7C743D72E5B80CED6A2FF /* [CP] Check Pods Manifest.lock */,
				A28406B624E9EA8400C487B0 /* Headers */,
				A28406B724E9EA8400C487B0 /* Sources */,
				A28406B824E9EA8400C487B0 /* Frameworks */,
				A28406B924E9EA8400C487B0 /* Resources */,
			);
			buildRules = (
			);
			dependencies = (
			);
			name = Tab;
			productName = Tab;
			productReference = A28406BB24E9EA8400C487B0 /* Tab.framework */;
			productType = "com.apple.product-type.framework";
		};
		A28406C324E9EA8400C487B0 /* TabTests */ = {
			isa = PBXNativeTarget;
			buildConfigurationList = A28406D224E9EA8400C487B0 /* Build configuration list for PBXNativeTarget "TabTests" */;
			buildPhases = (
				4E17BEEF391D2A3E981D8094 /* [CP] Check Pods Manifest.lock */,
				A28406C024E9EA8400C487B0 /* Sources */,
				A28406C124E9EA8400C487B0 /* Frameworks */,
				A28406C224E9EA8400C487B0 /* Resources */,
				586079A83D4F7A9CB34FB915 /* [CP] Embed Pods Frameworks */,
			);
			buildRules = (
			);
			dependencies = (
				A28406C724E9EA8400C487B0 /* PBXTargetDependency */,
			);
			name = TabTests;
			productName = TabTests;
			productReference = A28406C424E9EA8400C487B0 /* TabTests.xctest */;
			productType = "com.apple.product-type.bundle.unit-test";
		};
/* End PBXNativeTarget section */

/* Begin PBXProject section */
		A28406B224E9EA8400C487B0 /* Project object */ = {
			isa = PBXProject;
			attributes = {
				LastSwiftUpdateCheck = 1130;
				LastUpgradeCheck = 1310;
				ORGANIZATIONNAME = LucianoPolit;
				TargetAttributes = {
					A28406BA24E9EA8400C487B0 = {
						CreatedOnToolsVersion = 11.3.1;
						LastSwiftMigration = 1130;
					};
					A28406C324E9EA8400C487B0 = {
						CreatedOnToolsVersion = 11.3.1;
					};
				};
			};
			buildConfigurationList = A28406B524E9EA8400C487B0 /* Build configuration list for PBXProject "Tab" */;
			compatibilityVersion = "Xcode 9.3";
			developmentRegion = en;
			hasScannedForEncodings = 0;
			knownRegions = (
				en,
				Base,
			);
			mainGroup = A28406B124E9EA8400C487B0;
			productRefGroup = A28406BC24E9EA8400C487B0 /* Products */;
			projectDirPath = "";
			projectRoot = "";
			targets = (
				A28406BA24E9EA8400C487B0 /* Tab */,
				A28406C324E9EA8400C487B0 /* TabTests */,
			);
		};
/* End PBXProject section */

/* Begin PBXResourcesBuildPhase section */
		A28406B924E9EA8400C487B0 /* Resources */ = {
			isa = PBXResourcesBuildPhase;
			buildActionMask = 2147483647;
			files = (
			);
			runOnlyForDeploymentPostprocessing = 0;
		};
		A28406C224E9EA8400C487B0 /* Resources */ = {
			isa = PBXResourcesBuildPhase;
			buildActionMask = 2147483647;
			files = (
			);
			runOnlyForDeploymentPostprocessing = 0;
		};
/* End PBXResourcesBuildPhase section */

/* Begin PBXShellScriptBuildPhase section */
		4E17BEEF391D2A3E981D8094 /* [CP] Check Pods Manifest.lock */ = {
			isa = PBXShellScriptBuildPhase;
			buildActionMask = 2147483647;
			files = (
			);
			inputFileListPaths = (
			);
			inputPaths = (
				"${PODS_PODFILE_DIR_PATH}/Podfile.lock",
				"${PODS_ROOT}/Manifest.lock",
			);
			name = "[CP] Check Pods Manifest.lock";
			outputFileListPaths = (
			);
			outputPaths = (
				"$(DERIVED_FILE_DIR)/Pods-Features-Tab-TabTests-checkManifestLockResult.txt",
			);
			runOnlyForDeploymentPostprocessing = 0;
			shellPath = /bin/sh;
			shellScript = "diff \"${PODS_PODFILE_DIR_PATH}/Podfile.lock\" \"${PODS_ROOT}/Manifest.lock\" > /dev/null\nif [ $? != 0 ] ; then\n    # print error to STDERR\n    echo \"error: The sandbox is not in sync with the Podfile.lock. Run 'pod install' or update your CocoaPods installation.\" >&2\n    exit 1\nfi\n# This output is used by Xcode 'outputs' to avoid re-running this script phase.\necho \"SUCCESS\" > \"${SCRIPT_OUTPUT_FILE_0}\"\n";
			showEnvVarsInLog = 0;
		};
		586079A83D4F7A9CB34FB915 /* [CP] Embed Pods Frameworks */ = {
			isa = PBXShellScriptBuildPhase;
			buildActionMask = 2147483647;
			files = (
			);
			inputFileListPaths = (
				"${PODS_ROOT}/Target Support Files/Pods-Features-Tab-TabTests/Pods-Features-Tab-TabTests-frameworks-${CONFIGURATION}-input-files.xcfilelist",
			);
			name = "[CP] Embed Pods Frameworks";
			outputFileListPaths = (
				"${PODS_ROOT}/Target Support Files/Pods-Features-Tab-TabTests/Pods-Features-Tab-TabTests-frameworks-${CONFIGURATION}-output-files.xcfilelist",
			);
			runOnlyForDeploymentPostprocessing = 0;
			shellPath = /bin/sh;
			shellScript = "\"${PODS_ROOT}/Target Support Files/Pods-Features-Tab-TabTests/Pods-Features-Tab-TabTests-frameworks.sh\"\n";
			showEnvVarsInLog = 0;
		};
		9FF7C743D72E5B80CED6A2FF /* [CP] Check Pods Manifest.lock */ = {
			isa = PBXShellScriptBuildPhase;
			buildActionMask = 2147483647;
			files = (
			);
			inputFileListPaths = (
			);
			inputPaths = (
				"${PODS_PODFILE_DIR_PATH}/Podfile.lock",
				"${PODS_ROOT}/Manifest.lock",
			);
			name = "[CP] Check Pods Manifest.lock";
			outputFileListPaths = (
			);
			outputPaths = (
				"$(DERIVED_FILE_DIR)/Pods-Features-Tab-checkManifestLockResult.txt",
			);
			runOnlyForDeploymentPostprocessing = 0;
			shellPath = /bin/sh;
			shellScript = "diff \"${PODS_PODFILE_DIR_PATH}/Podfile.lock\" \"${PODS_ROOT}/Manifest.lock\" > /dev/null\nif [ $? != 0 ] ; then\n    # print error to STDERR\n    echo \"error: The sandbox is not in sync with the Podfile.lock. Run 'pod install' or update your CocoaPods installation.\" >&2\n    exit 1\nfi\n# This output is used by Xcode 'outputs' to avoid re-running this script phase.\necho \"SUCCESS\" > \"${SCRIPT_OUTPUT_FILE_0}\"\n";
			showEnvVarsInLog = 0;
		};
/* End PBXShellScriptBuildPhase section */

/* Begin PBXSourcesBuildPhase section */
		A28406B724E9EA8400C487B0 /* Sources */ = {
			isa = PBXSourcesBuildPhase;
			buildActionMask = 2147483647;
			files = (
				A284085324EA32A200C487B0 /* ModuleMapper.swift in Sources */,
				A284084724EA323D00C487B0 /* Module.swift in Sources */,
				A284084D24EA328100C487B0 /* NavigationActionMapper.swift in Sources */,
				A284084F24EA328800C487B0 /* Action.swift in Sources */,
				A284084B24EA327400C487B0 /* State.swift in Sources */,
			);
			runOnlyForDeploymentPostprocessing = 0;
		};
		A28406C024E9EA8400C487B0 /* Sources */ = {
			isa = PBXSourcesBuildPhase;
			buildActionMask = 2147483647;
			files = (
				A28406CA24E9EA8400C487B0 /* TabTests.swift in Sources */,
			);
			runOnlyForDeploymentPostprocessing = 0;
		};
/* End PBXSourcesBuildPhase section */

/* Begin PBXTargetDependency section */
		A28406C724E9EA8400C487B0 /* PBXTargetDependency */ = {
			isa = PBXTargetDependency;
			target = A28406BA24E9EA8400C487B0 /* Tab */;
			targetProxy = A28406C624E9EA8400C487B0 /* PBXContainerItemProxy */;
		};
/* End PBXTargetDependency section */

/* Begin XCBuildConfiguration section */
		A28406CD24E9EA8400C487B0 /* Debug */ = {
			isa = XCBuildConfiguration;
			buildSettings = {
				ALWAYS_SEARCH_USER_PATHS = NO;
				CLANG_ANALYZER_NONNULL = YES;
				CLANG_ANALYZER_NUMBER_OBJECT_CONVERSION = YES_AGGRESSIVE;
				CLANG_CXX_LANGUAGE_STANDARD = "gnu++14";
				CLANG_CXX_LIBRARY = "libc++";
				CLANG_ENABLE_MODULES = YES;
				CLANG_ENABLE_OBJC_ARC = YES;
				CLANG_ENABLE_OBJC_WEAK = YES;
				CLANG_WARN_BLOCK_CAPTURE_AUTORELEASING = YES;
				CLANG_WARN_BOOL_CONVERSION = YES;
				CLANG_WARN_COMMA = YES;
				CLANG_WARN_CONSTANT_CONVERSION = YES;
				CLANG_WARN_DEPRECATED_OBJC_IMPLEMENTATIONS = YES;
				CLANG_WARN_DIRECT_OBJC_ISA_USAGE = YES_ERROR;
				CLANG_WARN_DOCUMENTATION_COMMENTS = YES;
				CLANG_WARN_EMPTY_BODY = YES;
				CLANG_WARN_ENUM_CONVERSION = YES;
				CLANG_WARN_INFINITE_RECURSION = YES;
				CLANG_WARN_INT_CONVERSION = YES;
				CLANG_WARN_NON_LITERAL_NULL_CONVERSION = YES;
				CLANG_WARN_OBJC_IMPLICIT_RETAIN_SELF = YES;
				CLANG_WARN_OBJC_LITERAL_CONVERSION = YES;
				CLANG_WARN_OBJC_ROOT_CLASS = YES_ERROR;
				CLANG_WARN_QUOTED_INCLUDE_IN_FRAMEWORK_HEADER = YES;
				CLANG_WARN_RANGE_LOOP_ANALYSIS = YES;
				CLANG_WARN_STRICT_PROTOTYPES = YES;
				CLANG_WARN_SUSPICIOUS_MOVE = YES;
				CLANG_WARN_UNGUARDED_AVAILABILITY = YES_AGGRESSIVE;
				CLANG_WARN_UNREACHABLE_CODE = YES;
				CLANG_WARN__DUPLICATE_METHOD_MATCH = YES;
				COPY_PHASE_STRIP = NO;
				CURRENT_PROJECT_VERSION = 1;
				DEBUG_INFORMATION_FORMAT = dwarf;
				ENABLE_STRICT_OBJC_MSGSEND = YES;
				ENABLE_TESTABILITY = YES;
				GCC_C_LANGUAGE_STANDARD = gnu11;
				GCC_DYNAMIC_NO_PIC = NO;
				GCC_NO_COMMON_BLOCKS = YES;
				GCC_OPTIMIZATION_LEVEL = 0;
				GCC_PREPROCESSOR_DEFINITIONS = (
					"DEBUG=1",
					"$(inherited)",
				);
				GCC_WARN_64_TO_32_BIT_CONVERSION = YES;
				GCC_WARN_ABOUT_RETURN_TYPE = YES_ERROR;
				GCC_WARN_UNDECLARED_SELECTOR = YES;
				GCC_WARN_UNINITIALIZED_AUTOS = YES_AGGRESSIVE;
				GCC_WARN_UNUSED_FUNCTION = YES;
				GCC_WARN_UNUSED_VARIABLE = YES;
				IPHONEOS_DEPLOYMENT_TARGET = 13.2;
				MTL_ENABLE_DEBUG_INFO = INCLUDE_SOURCE;
				MTL_FAST_MATH = YES;
				ONLY_ACTIVE_ARCH = YES;
				SDKROOT = iphoneos;
				SWIFT_ACTIVE_COMPILATION_CONDITIONS = DEBUG;
				SWIFT_OPTIMIZATION_LEVEL = "-Onone";
				VERSIONING_SYSTEM = "apple-generic";
				VERSION_INFO_PREFIX = "";
			};
			name = Debug;
		};
		A28406CE24E9EA8400C487B0 /* Release */ = {
			isa = XCBuildConfiguration;
			buildSettings = {
				ALWAYS_SEARCH_USER_PATHS = NO;
				CLANG_ANALYZER_NONNULL = YES;
				CLANG_ANALYZER_NUMBER_OBJECT_CONVERSION = YES_AGGRESSIVE;
				CLANG_CXX_LANGUAGE_STANDARD = "gnu++14";
				CLANG_CXX_LIBRARY = "libc++";
				CLANG_ENABLE_MODULES = YES;
				CLANG_ENABLE_OBJC_ARC = YES;
				CLANG_ENABLE_OBJC_WEAK = YES;
				CLANG_WARN_BLOCK_CAPTURE_AUTORELEASING = YES;
				CLANG_WARN_BOOL_CONVERSION = YES;
				CLANG_WARN_COMMA = YES;
				CLANG_WARN_CONSTANT_CONVERSION = YES;
				CLANG_WARN_DEPRECATED_OBJC_IMPLEMENTATIONS = YES;
				CLANG_WARN_DIRECT_OBJC_ISA_USAGE = YES_ERROR;
				CLANG_WARN_DOCUMENTATION_COMMENTS = YES;
				CLANG_WARN_EMPTY_BODY = YES;
				CLANG_WARN_ENUM_CONVERSION = YES;
				CLANG_WARN_INFINITE_RECURSION = YES;
				CLANG_WARN_INT_CONVERSION = YES;
				CLANG_WARN_NON_LITERAL_NULL_CONVERSION = YES;
				CLANG_WARN_OBJC_IMPLICIT_RETAIN_SELF = YES;
				CLANG_WARN_OBJC_LITERAL_CONVERSION = YES;
				CLANG_WARN_OBJC_ROOT_CLASS = YES_ERROR;
				CLANG_WARN_QUOTED_INCLUDE_IN_FRAMEWORK_HEADER = YES;
				CLANG_WARN_RANGE_LOOP_ANALYSIS = YES;
				CLANG_WARN_STRICT_PROTOTYPES = YES;
				CLANG_WARN_SUSPICIOUS_MOVE = YES;
				CLANG_WARN_UNGUARDED_AVAILABILITY = YES_AGGRESSIVE;
				CLANG_WARN_UNREACHABLE_CODE = YES;
				CLANG_WARN__DUPLICATE_METHOD_MATCH = YES;
				COPY_PHASE_STRIP = NO;
				CURRENT_PROJECT_VERSION = 1;
				DEBUG_INFORMATION_FORMAT = "dwarf-with-dsym";
				ENABLE_NS_ASSERTIONS = NO;
				ENABLE_STRICT_OBJC_MSGSEND = YES;
				GCC_C_LANGUAGE_STANDARD = gnu11;
				GCC_NO_COMMON_BLOCKS = YES;
				GCC_WARN_64_TO_32_BIT_CONVERSION = YES;
				GCC_WARN_ABOUT_RETURN_TYPE = YES_ERROR;
				GCC_WARN_UNDECLARED_SELECTOR = YES;
				GCC_WARN_UNINITIALIZED_AUTOS = YES_AGGRESSIVE;
				GCC_WARN_UNUSED_FUNCTION = YES;
				GCC_WARN_UNUSED_VARIABLE = YES;
				IPHONEOS_DEPLOYMENT_TARGET = 13.2;
				MTL_ENABLE_DEBUG_INFO = NO;
				MTL_FAST_MATH = YES;
				SDKROOT = iphoneos;
				SWIFT_COMPILATION_MODE = wholemodule;
				SWIFT_OPTIMIZATION_LEVEL = "-O";
				VALIDATE_PRODUCT = YES;
				VERSIONING_SYSTEM = "apple-generic";
				VERSION_INFO_PREFIX = "";
			};
			name = Release;
		};
		A28406D024E9EA8400C487B0 /* Debug */ = {
			isa = XCBuildConfiguration;
			baseConfigurationReference = 00EAF801C43FDF8CC15D4F00 /* Pods-Features-Tab.debug.xcconfig */;
			buildSettings = {
				CLANG_ENABLE_MODULES = YES;
				CODE_SIGN_STYLE = Automatic;
				DEFINES_MODULE = YES;
				DEVELOPMENT_TEAM = WK2HM8T57N;
				DYLIB_COMPATIBILITY_VERSION = 1;
				DYLIB_CURRENT_VERSION = 1;
				DYLIB_INSTALL_NAME_BASE = "@rpath";
				INFOPLIST_FILE = Tab/Info.plist;
				INSTALL_PATH = "$(LOCAL_LIBRARY_DIR)/Frameworks";
				IPHONEOS_DEPLOYMENT_TARGET = 12.0;
				LD_RUNPATH_SEARCH_PATHS = (
					"$(inherited)",
					"@executable_path/Frameworks",
					"@loader_path/Frameworks",
				);
				PRODUCT_BUNDLE_IDENTIFIER = Caesura.Tab;
				PRODUCT_NAME = "$(TARGET_NAME:c99extidentifier)";
				SKIP_INSTALL = YES;
				SWIFT_OPTIMIZATION_LEVEL = "-Onone";
				SWIFT_VERSION = 5.0;
				TARGETED_DEVICE_FAMILY = "1,2";
			};
			name = Debug;
		};
		A28406D124E9EA8400C487B0 /* Release */ = {
			isa = XCBuildConfiguration;
			baseConfigurationReference = 932EDB4226DA7AAADE477A5A /* Pods-Features-Tab.release.xcconfig */;
			buildSettings = {
				CLANG_ENABLE_MODULES = YES;
				CODE_SIGN_STYLE = Automatic;
				DEFINES_MODULE = YES;
				DEVELOPMENT_TEAM = WK2HM8T57N;
				DYLIB_COMPATIBILITY_VERSION = 1;
				DYLIB_CURRENT_VERSION = 1;
				DYLIB_INSTALL_NAME_BASE = "@rpath";
				INFOPLIST_FILE = Tab/Info.plist;
				INSTALL_PATH = "$(LOCAL_LIBRARY_DIR)/Frameworks";
				IPHONEOS_DEPLOYMENT_TARGET = 12.0;
				LD_RUNPATH_SEARCH_PATHS = (
					"$(inherited)",
					"@executable_path/Frameworks",
					"@loader_path/Frameworks",
				);
				PRODUCT_BUNDLE_IDENTIFIER = Caesura.Tab;
				PRODUCT_NAME = "$(TARGET_NAME:c99extidentifier)";
				SKIP_INSTALL = YES;
				SWIFT_VERSION = 5.0;
				TARGETED_DEVICE_FAMILY = "1,2";
			};
			name = Release;
		};
		A28406D324E9EA8400C487B0 /* Debug */ = {
			isa = XCBuildConfiguration;
			baseConfigurationReference = 5CB5726BC772B903E8B8617F /* Pods-Features-Tab-TabTests.debug.xcconfig */;
			buildSettings = {
				CODE_SIGN_STYLE = Automatic;
				DEVELOPMENT_TEAM = WK2HM8T57N;
				INFOPLIST_FILE = TabTests/Info.plist;
				IPHONEOS_DEPLOYMENT_TARGET = 12.0;
				LD_RUNPATH_SEARCH_PATHS = (
					"$(inherited)",
					"@executable_path/Frameworks",
					"@loader_path/Frameworks",
				);
				PRODUCT_BUNDLE_IDENTIFIER = Caesura.TabTests;
				PRODUCT_NAME = "$(TARGET_NAME)";
				SWIFT_VERSION = 5.0;
				TARGETED_DEVICE_FAMILY = "1,2";
			};
			name = Debug;
		};
		A28406D424E9EA8400C487B0 /* Release */ = {
			isa = XCBuildConfiguration;
			baseConfigurationReference = 8BE07BD44E638B702FB47934 /* Pods-Features-Tab-TabTests.release.xcconfig */;
			buildSettings = {
				CODE_SIGN_STYLE = Automatic;
				DEVELOPMENT_TEAM = WK2HM8T57N;
				INFOPLIST_FILE = TabTests/Info.plist;
				IPHONEOS_DEPLOYMENT_TARGET = 12.0;
				LD_RUNPATH_SEARCH_PATHS = (
					"$(inherited)",
					"@executable_path/Frameworks",
					"@loader_path/Frameworks",
				);
				PRODUCT_BUNDLE_IDENTIFIER = Caesura.TabTests;
				PRODUCT_NAME = "$(TARGET_NAME)";
				SWIFT_VERSION = 5.0;
				TARGETED_DEVICE_FAMILY = "1,2";
			};
			name = Release;
		};
/* End XCBuildConfiguration section */

/* Begin XCConfigurationList section */
		A28406B524E9EA8400C487B0 /* Build configuration list for PBXProject "Tab" */ = {
			isa = XCConfigurationList;
			buildConfigurations = (
				A28406CD24E9EA8400C487B0 /* Debug */,
				A28406CE24E9EA8400C487B0 /* Release */,
			);
			defaultConfigurationIsVisible = 0;
			defaultConfigurationName = Release;
		};
		A28406CF24E9EA8400C487B0 /* Build configuration list for PBXNativeTarget "Tab" */ = {
			isa = XCConfigurationList;
			buildConfigurations = (
				A28406D024E9EA8400C487B0 /* Debug */,
				A28406D124E9EA8400C487B0 /* Release */,
			);
			defaultConfigurationIsVisible = 0;
			defaultConfigurationName = Release;
		};
		A28406D224E9EA8400C487B0 /* Build configuration list for PBXNativeTarget "TabTests" */ = {
			isa = XCConfigurationList;
			buildConfigurations = (
				A28406D324E9EA8400C487B0 /* Debug */,
				A28406D424E9EA8400C487B0 /* Release */,
			);
			defaultConfigurationIsVisible = 0;
			defaultConfigurationName = Release;
		};
/* End XCConfigurationList section */
	};
	rootObject = A28406B224E9EA8400C487B0 /* Project object */;
}
