// !$*UTF8*$!
{
	archiveVersion = 1;
	classes = {
	};
	objectVersion = 51;
	objects = {

/* Begin PBXBuildFile section */
		A20B1C1724DDE2BC000AE004 /* AppDelegate.swift in Sources */ = {isa = PBXBuildFile; fileRef = A20B1C1624DDE2BC000AE004 /* AppDelegate.swift */; };
		A20B1C2024DDE2BD000AE004 /* Assets.xcassets in Resources */ = {isa = PBXBuildFile; fileRef = A20B1C1F24DDE2BD000AE004 /* Assets.xcassets */; };
		A20B1C2324DDE2BD000AE004 /* LaunchScreen.storyboard in Resources */ = {isa = PBXBuildFile; fileRef = A20B1C2124DDE2BD000AE004 /* LaunchScreen.storyboard */; };
		A20EAD1B24FD7DAD004FB609 /* ManagerTests.swift in Sources */ = {isa = PBXBuildFile; fileRef = A20EAD1A24FD7DAD004FB609 /* ManagerTests.swift */; };
		A20EAD1D24FEC51F004FB609 /* ApplicationCompletionAction+CaseIterable.swift in Sources */ = {isa = PBXBuildFile; fileRef = A20EAD1C24FEC51F004FB609 /* ApplicationCompletionAction+CaseIterable.swift */; };
		A20EAD1F24FEE0AF004FB609 /* MockMiddleware.swift in Sources */ = {isa = PBXBuildFile; fileRef = A20EAD1E24FEE0AF004FB609 /* MockMiddleware.swift */; };
		A20EAD2724FEE0FF004FB609 /* MockReducer.swift in Sources */ = {isa = PBXBuildFile; fileRef = A20EAD2624FEE0FF004FB609 /* MockReducer.swift */; };
		A20EAD2924FEE108004FB609 /* MockNavigationActionMapper.swift in Sources */ = {isa = PBXBuildFile; fileRef = A20EAD2824FEE108004FB609 /* MockNavigationActionMapper.swift */; };
		A20EAD2B24FEE113004FB609 /* MockAPIActionDispatcher.swift in Sources */ = {isa = PBXBuildFile; fileRef = A20EAD2A24FEE113004FB609 /* MockAPIActionDispatcher.swift */; };
		A20EAD2D24FEE11B004FB609 /* MockModule.swift in Sources */ = {isa = PBXBuildFile; fileRef = A20EAD2C24FEE11B004FB609 /* MockModule.swift */; };
		A20EAD2F24FEE126004FB609 /* MockActionRegistrable.swift in Sources */ = {isa = PBXBuildFile; fileRef = A20EAD2E24FEE126004FB609 /* MockActionRegistrable.swift */; };
		A20EAD3124FEE12D004FB609 /* MockStateRegistrable.swift in Sources */ = {isa = PBXBuildFile; fileRef = A20EAD3024FEE12D004FB609 /* MockStateRegistrable.swift */; };
		A20EAD3624FEE922004FB609 /* ModuleTests.swift in Sources */ = {isa = PBXBuildFile; fileRef = A20EAD3224FEE8FD004FB609 /* ModuleTests.swift */; };
		A20EAD3724FEE927004FB609 /* StateTests.swift in Sources */ = {isa = PBXBuildFile; fileRef = A20EAD3424FEE91A004FB609 /* StateTests.swift */; };
		A20EAD3C24FEE9B4004FB609 /* ActionWrapperTests.swift in Sources */ = {isa = PBXBuildFile; fileRef = A20EAD3824FEE993004FB609 /* ActionWrapperTests.swift */; };
		A20EAD3D24FEE9B8004FB609 /* MiddlewareWrapperTests.swift in Sources */ = {isa = PBXBuildFile; fileRef = A20EAD3A24FEE99E004FB609 /* MiddlewareWrapperTests.swift */; };
		A20EAD4724FFE6AE004FB609 /* TestAPI.swift in Sources */ = {isa = PBXBuildFile; fileRef = A20EAD4524FFE69C004FB609 /* TestAPI.swift */; };
		A20EAD4824FFE6B2004FB609 /* TestState.swift in Sources */ = {isa = PBXBuildFile; fileRef = A20EAD4324FFE65E004FB609 /* TestState.swift */; };
		A20EAD4924FFE6C0004FB609 /* TestAction.swift in Sources */ = {isa = PBXBuildFile; fileRef = A20EAD4124FFE651004FB609 /* TestAction.swift */; };
		A20EAD4E250009D6004FB609 /* ActionMapperMiddlewareTests.swift in Sources */ = {isa = PBXBuildFile; fileRef = A20EAD4C2500064B004FB609 /* ActionMapperMiddlewareTests.swift */; };
		A20EAD4F250009DA004FB609 /* ActionDispatcherMiddlewareTests.swift in Sources */ = {isa = PBXBuildFile; fileRef = A20EAD4A2500063B004FB609 /* ActionDispatcherMiddlewareTests.swift */; };
		A20EAD5125000BC7004FB609 /* MockActionMapper.swift in Sources */ = {isa = PBXBuildFile; fileRef = A20EAD5025000BC7004FB609 /* MockActionMapper.swift */; };
		A20EAD5325000BD1004FB609 /* MockActionDispatcher.swift in Sources */ = {isa = PBXBuildFile; fileRef = A20EAD5225000BD1004FB609 /* MockActionDispatcher.swift */; };
		A275AE3E24E0A6BB004C4FD6 /* AppModuleMapper.swift in Sources */ = {isa = PBXBuildFile; fileRef = A275AE3D24E0A6BB004C4FD6 /* AppModuleMapper.swift */; };
		A2A4D89624EDB45D0064FB72 /* Common.framework in Frameworks */ = {isa = PBXBuildFile; fileRef = A2A4D89124EDB45D0064FB72 /* Common.framework */; };
		A2A4D89824EDB45D0064FB72 /* Generics.framework in Frameworks */ = {isa = PBXBuildFile; fileRef = A2A4D89224EDB45D0064FB72 /* Generics.framework */; };
		A2A4D89A24EDB45D0064FB72 /* List.framework in Frameworks */ = {isa = PBXBuildFile; fileRef = A2A4D89324EDB45D0064FB72 /* List.framework */; };
		A2A4D89C24EDB45D0064FB72 /* Middlewares.framework in Frameworks */ = {isa = PBXBuildFile; fileRef = A2A4D89424EDB45D0064FB72 /* Middlewares.framework */; };
		A2A4D89E24EDB45D0064FB72 /* Tab.framework in Frameworks */ = {isa = PBXBuildFile; fileRef = A2A4D89524EDB45D0064FB72 /* Tab.framework */; };
		A2ECD84D24F9591700458246 /* ViewControllerTests.swift in Sources */ = {isa = PBXBuildFile; fileRef = A2ECD84B24F9579F00458246 /* ViewControllerTests.swift */; };
		A2ECD85324F9715300458246 /* MockManager.swift in Sources */ = {isa = PBXBuildFile; fileRef = A2ECD85224F9715300458246 /* MockManager.swift */; };
		A2ECD85724F9718A00458246 /* UIViewController+Utils.swift in Sources */ = {isa = PBXBuildFile; fileRef = A2ECD85524F9717A00458246 /* UIViewController+Utils.swift */; };
		A2ECD85824F9719000458246 /* MockManager.swift in Sources */ = {isa = PBXBuildFile; fileRef = A2ECD85224F9715300458246 /* MockManager.swift */; };
		A2ECD85B24F971AD00458246 /* TestableViewController.swift in Sources */ = {isa = PBXBuildFile; fileRef = A2ECD85924F971A500458246 /* TestableViewController.swift */; };
		A2ECD85E24F9735600458246 /* DismissHandlerTests.swift in Sources */ = {isa = PBXBuildFile; fileRef = A2ECD85C24F9734C00458246 /* DismissHandlerTests.swift */; };
		A2ECD86124F9797E00458246 /* TabBarControllerTests.swift in Sources */ = {isa = PBXBuildFile; fileRef = A2ECD85F24F9797700458246 /* TabBarControllerTests.swift */; };
		A2ECD86524F9799300458246 /* NavigationControllerTests.swift in Sources */ = {isa = PBXBuildFile; fileRef = A2ECD86424F9799300458246 /* NavigationControllerTests.swift */; };
		A2ECD86824FAA0C100458246 /* TestCase.swift in Sources */ = {isa = PBXBuildFile; fileRef = A2ECD86624FAA0AB00458246 /* TestCase.swift */; };
/* End PBXBuildFile section */

/* Begin PBXContainerItemProxy section */
		A20B1C2A24DDE2BE000AE004 /* PBXContainerItemProxy */ = {
			isa = PBXContainerItemProxy;
			containerPortal = A20B1C0B24DDE2BC000AE004 /* Project object */;
			proxyType = 1;
			remoteGlobalIDString = A20B1C1224DDE2BC000AE004;
			remoteInfo = Example;
		};
/* End PBXContainerItemProxy section */

/* Begin PBXFileReference section */
		A20B1C1324DDE2BC000AE004 /* Example.app */ = {isa = PBXFileReference; explicitFileType = wrapper.application; includeInIndex = 0; path = Example.app; sourceTree = BUILT_PRODUCTS_DIR; };
		A20B1C1624DDE2BC000AE004 /* AppDelegate.swift */ = {isa = PBXFileReference; lastKnownFileType = sourcecode.swift; path = AppDelegate.swift; sourceTree = "<group>"; };
		A20B1C1F24DDE2BD000AE004 /* Assets.xcassets */ = {isa = PBXFileReference; lastKnownFileType = folder.assetcatalog; path = Assets.xcassets; sourceTree = "<group>"; };
		A20B1C2224DDE2BD000AE004 /* Base */ = {isa = PBXFileReference; lastKnownFileType = file.storyboard; name = Base; path = Base.lproj/LaunchScreen.storyboard; sourceTree = "<group>"; };
		A20B1C2424DDE2BD000AE004 /* Info.plist */ = {isa = PBXFileReference; lastKnownFileType = text.plist.xml; path = Info.plist; sourceTree = "<group>"; };
		A20B1C2924DDE2BE000AE004 /* Tests.xctest */ = {isa = PBXFileReference; explicitFileType = wrapper.cfbundle; includeInIndex = 0; path = Tests.xctest; sourceTree = BUILT_PRODUCTS_DIR; };
		A20B1C2F24DDE2BE000AE004 /* Info.plist */ = {isa = PBXFileReference; lastKnownFileType = text.plist.xml; path = Info.plist; sourceTree = "<group>"; };
		A20EAD1A24FD7DAD004FB609 /* ManagerTests.swift */ = {isa = PBXFileReference; lastKnownFileType = sourcecode.swift; path = ManagerTests.swift; sourceTree = "<group>"; };
		A20EAD1C24FEC51F004FB609 /* ApplicationCompletionAction+CaseIterable.swift */ = {isa = PBXFileReference; lastKnownFileType = sourcecode.swift; path = "ApplicationCompletionAction+CaseIterable.swift"; sourceTree = "<group>"; };
		A20EAD1E24FEE0AF004FB609 /* MockMiddleware.swift */ = {isa = PBXFileReference; lastKnownFileType = sourcecode.swift; path = MockMiddleware.swift; sourceTree = "<group>"; };
		A20EAD2624FEE0FF004FB609 /* MockReducer.swift */ = {isa = PBXFileReference; lastKnownFileType = sourcecode.swift; path = MockReducer.swift; sourceTree = "<group>"; };
		A20EAD2824FEE108004FB609 /* MockNavigationActionMapper.swift */ = {isa = PBXFileReference; lastKnownFileType = sourcecode.swift; path = MockNavigationActionMapper.swift; sourceTree = "<group>"; };
		A20EAD2A24FEE113004FB609 /* MockAPIActionDispatcher.swift */ = {isa = PBXFileReference; lastKnownFileType = sourcecode.swift; path = MockAPIActionDispatcher.swift; sourceTree = "<group>"; };
		A20EAD2C24FEE11B004FB609 /* MockModule.swift */ = {isa = PBXFileReference; lastKnownFileType = sourcecode.swift; path = MockModule.swift; sourceTree = "<group>"; };
		A20EAD2E24FEE126004FB609 /* MockActionRegistrable.swift */ = {isa = PBXFileReference; lastKnownFileType = sourcecode.swift; path = MockActionRegistrable.swift; sourceTree = "<group>"; };
		A20EAD3024FEE12D004FB609 /* MockStateRegistrable.swift */ = {isa = PBXFileReference; lastKnownFileType = sourcecode.swift; path = MockStateRegistrable.swift; sourceTree = "<group>"; };
		A20EAD3224FEE8FD004FB609 /* ModuleTests.swift */ = {isa = PBXFileReference; lastKnownFileType = sourcecode.swift; path = ModuleTests.swift; sourceTree = "<group>"; };
		A20EAD3424FEE91A004FB609 /* StateTests.swift */ = {isa = PBXFileReference; lastKnownFileType = sourcecode.swift; path = StateTests.swift; sourceTree = "<group>"; };
		A20EAD3824FEE993004FB609 /* ActionWrapperTests.swift */ = {isa = PBXFileReference; lastKnownFileType = sourcecode.swift; path = ActionWrapperTests.swift; sourceTree = "<group>"; };
		A20EAD3A24FEE99E004FB609 /* MiddlewareWrapperTests.swift */ = {isa = PBXFileReference; lastKnownFileType = sourcecode.swift; path = MiddlewareWrapperTests.swift; sourceTree = "<group>"; };
		A20EAD4124FFE651004FB609 /* TestAction.swift */ = {isa = PBXFileReference; lastKnownFileType = sourcecode.swift; path = TestAction.swift; sourceTree = "<group>"; };
		A20EAD4324FFE65E004FB609 /* TestState.swift */ = {isa = PBXFileReference; lastKnownFileType = sourcecode.swift; path = TestState.swift; sourceTree = "<group>"; };
		A20EAD4524FFE69C004FB609 /* TestAPI.swift */ = {isa = PBXFileReference; lastKnownFileType = sourcecode.swift; path = TestAPI.swift; sourceTree = "<group>"; };
		A20EAD4A2500063B004FB609 /* ActionDispatcherMiddlewareTests.swift */ = {isa = PBXFileReference; lastKnownFileType = sourcecode.swift; path = ActionDispatcherMiddlewareTests.swift; sourceTree = "<group>"; };
		A20EAD4C2500064B004FB609 /* ActionMapperMiddlewareTests.swift */ = {isa = PBXFileReference; lastKnownFileType = sourcecode.swift; path = ActionMapperMiddlewareTests.swift; sourceTree = "<group>"; };
		A20EAD5025000BC7004FB609 /* MockActionMapper.swift */ = {isa = PBXFileReference; lastKnownFileType = sourcecode.swift; path = MockActionMapper.swift; sourceTree = "<group>"; };
		A20EAD5225000BD1004FB609 /* MockActionDispatcher.swift */ = {isa = PBXFileReference; lastKnownFileType = sourcecode.swift; path = MockActionDispatcher.swift; sourceTree = "<group>"; };
		A275AE3D24E0A6BB004C4FD6 /* AppModuleMapper.swift */ = {isa = PBXFileReference; lastKnownFileType = sourcecode.swift; path = AppModuleMapper.swift; sourceTree = "<group>"; };
		A2A4D89124EDB45D0064FB72 /* Common.framework */ = {isa = PBXFileReference; explicitFileType = wrapper.framework; path = Common.framework; sourceTree = BUILT_PRODUCTS_DIR; };
		A2A4D89224EDB45D0064FB72 /* Generics.framework */ = {isa = PBXFileReference; explicitFileType = wrapper.framework; path = Generics.framework; sourceTree = BUILT_PRODUCTS_DIR; };
		A2A4D89324EDB45D0064FB72 /* List.framework */ = {isa = PBXFileReference; explicitFileType = wrapper.framework; path = List.framework; sourceTree = BUILT_PRODUCTS_DIR; };
		A2A4D89424EDB45D0064FB72 /* Middlewares.framework */ = {isa = PBXFileReference; explicitFileType = wrapper.framework; path = Middlewares.framework; sourceTree = BUILT_PRODUCTS_DIR; };
		A2A4D89524EDB45D0064FB72 /* Tab.framework */ = {isa = PBXFileReference; explicitFileType = wrapper.framework; path = Tab.framework; sourceTree = BUILT_PRODUCTS_DIR; };
		A2ECD84B24F9579F00458246 /* ViewControllerTests.swift */ = {isa = PBXFileReference; lastKnownFileType = sourcecode.swift; path = ViewControllerTests.swift; sourceTree = "<group>"; };
		A2ECD85224F9715300458246 /* MockManager.swift */ = {isa = PBXFileReference; lastKnownFileType = sourcecode.swift; path = MockManager.swift; sourceTree = "<group>"; };
		A2ECD85524F9717A00458246 /* UIViewController+Utils.swift */ = {isa = PBXFileReference; lastKnownFileType = sourcecode.swift; path = "UIViewController+Utils.swift"; sourceTree = "<group>"; };
		A2ECD85924F971A500458246 /* TestableViewController.swift */ = {isa = PBXFileReference; lastKnownFileType = sourcecode.swift; path = TestableViewController.swift; sourceTree = "<group>"; };
		A2ECD85C24F9734C00458246 /* DismissHandlerTests.swift */ = {isa = PBXFileReference; lastKnownFileType = sourcecode.swift; path = DismissHandlerTests.swift; sourceTree = "<group>"; };
		A2ECD85F24F9797700458246 /* TabBarControllerTests.swift */ = {isa = PBXFileReference; lastKnownFileType = sourcecode.swift; path = TabBarControllerTests.swift; sourceTree = "<group>"; };
		A2ECD86424F9799300458246 /* NavigationControllerTests.swift */ = {isa = PBXFileReference; lastKnownFileType = sourcecode.swift; path = NavigationControllerTests.swift; sourceTree = "<group>"; };
		A2ECD86624FAA0AB00458246 /* TestCase.swift */ = {isa = PBXFileReference; lastKnownFileType = sourcecode.swift; path = TestCase.swift; sourceTree = "<group>"; };
/* End PBXFileReference section */

/* Begin PBXFrameworksBuildPhase section */
		A20B1C1024DDE2BC000AE004 /* Frameworks */ = {
			isa = PBXFrameworksBuildPhase;
			buildActionMask = 2147483647;
			files = (
				A2A4D89E24EDB45D0064FB72 /* Tab.framework in Frameworks */,
				A2A4D89824EDB45D0064FB72 /* Generics.framework in Frameworks */,
				A2A4D89A24EDB45D0064FB72 /* List.framework in Frameworks */,
				A2A4D89C24EDB45D0064FB72 /* Middlewares.framework in Frameworks */,
				A2A4D89624EDB45D0064FB72 /* Common.framework in Frameworks */,
			);
			runOnlyForDeploymentPostprocessing = 0;
		};
		A20B1C2624DDE2BE000AE004 /* Frameworks */ = {
			isa = PBXFrameworksBuildPhase;
			buildActionMask = 2147483647;
			files = (
			);
			runOnlyForDeploymentPostprocessing = 0;
		};
/* End PBXFrameworksBuildPhase section */

/* Begin PBXGroup section */
		226086D396A8C0DDD7520801 /* Pods */ = {
			isa = PBXGroup;
			children = (
			);
			path = Pods;
			sourceTree = "<group>";
		};
		82BF6995D16D9E938F87E75F /* Frameworks */ = {
			isa = PBXGroup;
			children = (
				A2A4D89124EDB45D0064FB72 /* Common.framework */,
				A2A4D89224EDB45D0064FB72 /* Generics.framework */,
				A2A4D89324EDB45D0064FB72 /* List.framework */,
				A2A4D89424EDB45D0064FB72 /* Middlewares.framework */,
				A2A4D89524EDB45D0064FB72 /* Tab.framework */,
			);
			name = Frameworks;
			sourceTree = "<group>";
		};
		A20B1C0A24DDE2BC000AE004 = {
			isa = PBXGroup;
			children = (
				A20B1C1524DDE2BC000AE004 /* Main */,
				A20B1C2C24DDE2BE000AE004 /* Tests */,
				A20B1C1424DDE2BC000AE004 /* Products */,
				226086D396A8C0DDD7520801 /* Pods */,
				82BF6995D16D9E938F87E75F /* Frameworks */,
			);
			sourceTree = "<group>";
		};
		A20B1C1424DDE2BC000AE004 /* Products */ = {
			isa = PBXGroup;
			children = (
				A20B1C1324DDE2BC000AE004 /* Example.app */,
				A20B1C2924DDE2BE000AE004 /* Tests.xctest */,
			);
			name = Products;
			sourceTree = "<group>";
		};
		A20B1C1524DDE2BC000AE004 /* Main */ = {
			isa = PBXGroup;
			children = (
				A20B1C1624DDE2BC000AE004 /* AppDelegate.swift */,
				A275AE3D24E0A6BB004C4FD6 /* AppModuleMapper.swift */,
				A20B1C1F24DDE2BD000AE004 /* Assets.xcassets */,
				A20B1C2124DDE2BD000AE004 /* LaunchScreen.storyboard */,
				A20B1C2424DDE2BD000AE004 /* Info.plist */,
			);
			path = Main;
			sourceTree = "<group>";
		};
		A20B1C2C24DDE2BE000AE004 /* Tests */ = {
			isa = PBXGroup;
			children = (
				A2ECD85424F9716F00458246 /* Utils */,
				A2ECD85124F9714900458246 /* Mocks */,
				A20EAD1624FD7D44004FB609 /* Core */,
				A2ECD84A24F9577600458246 /* UI */,
				A20B1C2F24DDE2BE000AE004 /* Info.plist */,
			);
			name = Tests;
			path = ../Tests;
			sourceTree = "<group>";
		};
		A20EAD1624FD7D44004FB609 /* Core */ = {
			isa = PBXGroup;
			children = (
				A20EAD1724FD7D4F004FB609 /* Middlewares */,
				A20EAD1A24FD7DAD004FB609 /* ManagerTests.swift */,
				A20EAD3224FEE8FD004FB609 /* ModuleTests.swift */,
				A20EAD3424FEE91A004FB609 /* StateTests.swift */,
				A20EAD3824FEE993004FB609 /* ActionWrapperTests.swift */,
				A20EAD3A24FEE99E004FB609 /* MiddlewareWrapperTests.swift */,
			);
			path = Core;
			sourceTree = "<group>";
		};
		A20EAD1724FD7D4F004FB609 /* Middlewares */ = {
			isa = PBXGroup;
			children = (
				A20EAD4A2500063B004FB609 /* ActionDispatcherMiddlewareTests.swift */,
				A20EAD4C2500064B004FB609 /* ActionMapperMiddlewareTests.swift */,
			);
			path = Middlewares;
			sourceTree = "<group>";
		};
		A2ECD84A24F9577600458246 /* UI */ = {
			isa = PBXGroup;
			children = (
				A2ECD86924FAA7B400458246 /* Utils */,
				A2ECD85C24F9734C00458246 /* DismissHandlerTests.swift */,
				A2ECD84B24F9579F00458246 /* ViewControllerTests.swift */,
				A2ECD86424F9799300458246 /* NavigationControllerTests.swift */,
				A2ECD85F24F9797700458246 /* TabBarControllerTests.swift */,
			);
			path = UI;
			sourceTree = "<group>";
		};
		A2ECD85124F9714900458246 /* Mocks */ = {
			isa = PBXGroup;
			children = (
				A2ECD85224F9715300458246 /* MockManager.swift */,
				A20EAD1E24FEE0AF004FB609 /* MockMiddleware.swift */,
				A20EAD2624FEE0FF004FB609 /* MockReducer.swift */,
				A20EAD2824FEE108004FB609 /* MockNavigationActionMapper.swift */,
				A20EAD2A24FEE113004FB609 /* MockAPIActionDispatcher.swift */,
				A20EAD2C24FEE11B004FB609 /* MockModule.swift */,
				A20EAD2E24FEE126004FB609 /* MockActionRegistrable.swift */,
				A20EAD3024FEE12D004FB609 /* MockStateRegistrable.swift */,
				A20EAD5225000BD1004FB609 /* MockActionDispatcher.swift */,
				A20EAD5025000BC7004FB609 /* MockActionMapper.swift */,
			);
			path = Mocks;
			sourceTree = "<group>";
		};
		A2ECD85424F9716F00458246 /* Utils */ = {
			isa = PBXGroup;
			children = (
				A2ECD86624FAA0AB00458246 /* TestCase.swift */,
				A20EAD4124FFE651004FB609 /* TestAction.swift */,
				A20EAD4324FFE65E004FB609 /* TestState.swift */,
				A20EAD4524FFE69C004FB609 /* TestAPI.swift */,
				A20EAD1C24FEC51F004FB609 /* ApplicationCompletionAction+CaseIterable.swift */,
			);
			path = Utils;
			sourceTree = "<group>";
		};
		A2ECD86924FAA7B400458246 /* Utils */ = {
			isa = PBXGroup;
			children = (
				A2ECD85524F9717A00458246 /* UIViewController+Utils.swift */,
				A2ECD85924F971A500458246 /* TestableViewController.swift */,
			);
			path = Utils;
			sourceTree = "<group>";
		};
/* End PBXGroup section */

/* Begin PBXNativeTarget section */
		A20B1C1224DDE2BC000AE004 /* Example */ = {
			isa = PBXNativeTarget;
			buildConfigurationList = A20B1C3224DDE2BE000AE004 /* Build configuration list for PBXNativeTarget "Example" */;
			buildPhases = (
				A20B1C0F24DDE2BC000AE004 /* Sources */,
				A20B1C1024DDE2BC000AE004 /* Frameworks */,
				A20B1C1124DDE2BC000AE004 /* Resources */,
				A20B1C3E24DE0AC5000AE004 /* Swiftlint */,
			);
			buildRules = (
			);
			dependencies = (
			);
			name = Example;
			productName = Example;
			productReference = A20B1C1324DDE2BC000AE004 /* Example.app */;
			productType = "com.apple.product-type.application";
		};
		A20B1C2824DDE2BE000AE004 /* Tests */ = {
			isa = PBXNativeTarget;
			buildConfigurationList = A20B1C3524DDE2BE000AE004 /* Build configuration list for PBXNativeTarget "Tests" */;
			buildPhases = (
				A20B1C2524DDE2BE000AE004 /* Sources */,
				A20B1C2624DDE2BE000AE004 /* Frameworks */,
				A20B1C2724DDE2BE000AE004 /* Resources */,
			);
			buildRules = (
			);
			dependencies = (
				A20B1C2B24DDE2BE000AE004 /* PBXTargetDependency */,
			);
			name = Tests;
			productName = ExampleTests;
			productReference = A20B1C2924DDE2BE000AE004 /* Tests.xctest */;
			productType = "com.apple.product-type.bundle.unit-test";
		};
/* End PBXNativeTarget section */

/* Begin PBXProject section */
		A20B1C0B24DDE2BC000AE004 /* Project object */ = {
			isa = PBXProject;
			attributes = {
				LastSwiftUpdateCheck = 1130;
				LastUpgradeCheck = 1130;
				ORGANIZATIONNAME = LucianoPolit;
				TargetAttributes = {
					A20B1C1224DDE2BC000AE004 = {
						CreatedOnToolsVersion = 11.3.1;
					};
					A20B1C2824DDE2BE000AE004 = {
						CreatedOnToolsVersion = 11.3.1;
						TestTargetID = A20B1C1224DDE2BC000AE004;
					};
				};
			};
			buildConfigurationList = A20B1C0E24DDE2BC000AE004 /* Build configuration list for PBXProject "Example" */;
			compatibilityVersion = "Xcode 9.3";
			developmentRegion = en;
			hasScannedForEncodings = 0;
			knownRegions = (
				en,
				Base,
			);
			mainGroup = A20B1C0A24DDE2BC000AE004;
			productRefGroup = A20B1C1424DDE2BC000AE004 /* Products */;
			projectDirPath = "";
			projectRoot = "";
			targets = (
				A20B1C1224DDE2BC000AE004 /* Example */,
				A20B1C2824DDE2BE000AE004 /* Tests */,
			);
		};
/* End PBXProject section */

/* Begin PBXResourcesBuildPhase section */
		A20B1C1124DDE2BC000AE004 /* Resources */ = {
			isa = PBXResourcesBuildPhase;
			buildActionMask = 2147483647;
			files = (
				A20B1C2324DDE2BD000AE004 /* LaunchScreen.storyboard in Resources */,
				A20B1C2024DDE2BD000AE004 /* Assets.xcassets in Resources */,
			);
			runOnlyForDeploymentPostprocessing = 0;
		};
		A20B1C2724DDE2BE000AE004 /* Resources */ = {
			isa = PBXResourcesBuildPhase;
			buildActionMask = 2147483647;
			files = (
			);
			runOnlyForDeploymentPostprocessing = 0;
		};
/* End PBXResourcesBuildPhase section */

/* Begin PBXShellScriptBuildPhase section */
		A20B1C3E24DE0AC5000AE004 /* Swiftlint */ = {
			isa = PBXShellScriptBuildPhase;
			buildActionMask = 2147483647;
			files = (
			);
			inputFileListPaths = (
			);
			inputPaths = (
			);
			name = Swiftlint;
			outputFileListPaths = (
			);
			outputPaths = (
			);
			runOnlyForDeploymentPostprocessing = 0;
			shellPath = /bin/sh;
			shellScript = "if which swiftlint >/dev/null; then\nswiftlint\nelse\necho \"warning: SwiftLint not installed, download from https://github.com/realm/SwiftLint\"\nfi\n";
		};
/* End PBXShellScriptBuildPhase section */

/* Begin PBXSourcesBuildPhase section */
		A20B1C0F24DDE2BC000AE004 /* Sources */ = {
			isa = PBXSourcesBuildPhase;
			buildActionMask = 2147483647;
			files = (
				A2ECD85324F9715300458246 /* MockManager.swift in Sources */,
				A275AE3E24E0A6BB004C4FD6 /* AppModuleMapper.swift in Sources */,
				A20B1C1724DDE2BC000AE004 /* AppDelegate.swift in Sources */,
			);
			runOnlyForDeploymentPostprocessing = 0;
		};
		A20B1C2524DDE2BE000AE004 /* Sources */ = {
			isa = PBXSourcesBuildPhase;
			buildActionMask = 2147483647;
			files = (
				A20EAD5325000BD1004FB609 /* MockActionDispatcher.swift in Sources */,
				A2ECD85824F9719000458246 /* MockManager.swift in Sources */,
				A20EAD2B24FEE113004FB609 /* MockAPIActionDispatcher.swift in Sources */,
				A2ECD86524F9799300458246 /* NavigationControllerTests.swift in Sources */,
				A2ECD85724F9718A00458246 /* UIViewController+Utils.swift in Sources */,
				A20EAD3124FEE12D004FB609 /* MockStateRegistrable.swift in Sources */,
				A2ECD85B24F971AD00458246 /* TestableViewController.swift in Sources */,
				A2ECD86824FAA0C100458246 /* TestCase.swift in Sources */,
				A2ECD84D24F9591700458246 /* ViewControllerTests.swift in Sources */,
				A20EAD5125000BC7004FB609 /* MockActionMapper.swift in Sources */,
				A20EAD4824FFE6B2004FB609 /* TestState.swift in Sources */,
				A20EAD4E250009D6004FB609 /* ActionMapperMiddlewareTests.swift in Sources */,
				A20EAD3C24FEE9B4004FB609 /* ActionWrapperTests.swift in Sources */,
				A20EAD1F24FEE0AF004FB609 /* MockMiddleware.swift in Sources */,
				A20EAD2F24FEE126004FB609 /* MockActionRegistrable.swift in Sources */,
				A20EAD1D24FEC51F004FB609 /* ApplicationCompletionAction+CaseIterable.swift in Sources */,
				A20EAD4F250009DA004FB609 /* ActionDispatcherMiddlewareTests.swift in Sources */,
				A20EAD3624FEE922004FB609 /* ModuleTests.swift in Sources */,
				A20EAD3D24FEE9B8004FB609 /* MiddlewareWrapperTests.swift in Sources */,
				A2ECD85E24F9735600458246 /* DismissHandlerTests.swift in Sources */,
				A20EAD3724FEE927004FB609 /* StateTests.swift in Sources */,
				A20EAD4924FFE6C0004FB609 /* TestAction.swift in Sources */,
				A20EAD4724FFE6AE004FB609 /* TestAPI.swift in Sources */,
				A2ECD86124F9797E00458246 /* TabBarControllerTests.swift in Sources */,
				A20EAD2724FEE0FF004FB609 /* MockReducer.swift in Sources */,
				A20EAD1B24FD7DAD004FB609 /* ManagerTests.swift in Sources */,
				A20EAD2924FEE108004FB609 /* MockNavigationActionMapper.swift in Sources */,
				A20EAD2D24FEE11B004FB609 /* MockModule.swift in Sources */,
			);
			runOnlyForDeploymentPostprocessing = 0;
		};
/* End PBXSourcesBuildPhase section */

/* Begin PBXTargetDependency section */
		A20B1C2B24DDE2BE000AE004 /* PBXTargetDependency */ = {
			isa = PBXTargetDependency;
			target = A20B1C1224DDE2BC000AE004 /* Example */;
			targetProxy = A20B1C2A24DDE2BE000AE004 /* PBXContainerItemProxy */;
		};
/* End PBXTargetDependency section */

/* Begin PBXVariantGroup section */
		A20B1C2124DDE2BD000AE004 /* LaunchScreen.storyboard */ = {
			isa = PBXVariantGroup;
			children = (
				A20B1C2224DDE2BD000AE004 /* Base */,
			);
			name = LaunchScreen.storyboard;
			sourceTree = "<group>";
		};
/* End PBXVariantGroup section */

/* Begin XCBuildConfiguration section */
		A20B1C3024DDE2BE000AE004 /* Debug */ = {
			isa = XCBuildConfiguration;
			buildSettings = {
				ALWAYS_SEARCH_USER_PATHS = NO;
				CLANG_ANALYZER_NONNULL = YES;
				CLANG_ANALYZER_NUMBER_OBJECT_CONVERSION = YES_AGGRESSIVE;
				CLANG_CXX_LANGUAGE_STANDARD = "gnu++14";
				CLANG_CXX_LIBRARY = "libc++";
				CLANG_ENABLE_MODULES = YES;
				CLANG_ENABLE_OBJC_ARC = YES;
				CLANG_ENABLE_OBJC_WEAK = YES;
				CLANG_WARN_BLOCK_CAPTURE_AUTORELEASING = YES;
				CLANG_WARN_BOOL_CONVERSION = YES;
				CLANG_WARN_COMMA = YES;
				CLANG_WARN_CONSTANT_CONVERSION = YES;
				CLANG_WARN_DEPRECATED_OBJC_IMPLEMENTATIONS = YES;
				CLANG_WARN_DIRECT_OBJC_ISA_USAGE = YES_ERROR;
				CLANG_WARN_DOCUMENTATION_COMMENTS = YES;
				CLANG_WARN_EMPTY_BODY = YES;
				CLANG_WARN_ENUM_CONVERSION = YES;
				CLANG_WARN_INFINITE_RECURSION = YES;
				CLANG_WARN_INT_CONVERSION = YES;
				CLANG_WARN_NON_LITERAL_NULL_CONVERSION = YES;
				CLANG_WARN_OBJC_IMPLICIT_RETAIN_SELF = YES;
				CLANG_WARN_OBJC_LITERAL_CONVERSION = YES;
				CLANG_WARN_OBJC_ROOT_CLASS = YES_ERROR;
				CLANG_WARN_RANGE_LOOP_ANALYSIS = YES;
				CLANG_WARN_STRICT_PROTOTYPES = YES;
				CLANG_WARN_SUSPICIOUS_MOVE = YES;
				CLANG_WARN_UNGUARDED_AVAILABILITY = YES_AGGRESSIVE;
				CLANG_WARN_UNREACHABLE_CODE = YES;
				CLANG_WARN__DUPLICATE_METHOD_MATCH = YES;
				COPY_PHASE_STRIP = NO;
				DEBUG_INFORMATION_FORMAT = dwarf;
				ENABLE_STRICT_OBJC_MSGSEND = YES;
				ENABLE_TESTABILITY = YES;
				GCC_C_LANGUAGE_STANDARD = gnu11;
				GCC_DYNAMIC_NO_PIC = NO;
				GCC_NO_COMMON_BLOCKS = YES;
				GCC_OPTIMIZATION_LEVEL = 0;
				GCC_PREPROCESSOR_DEFINITIONS = (
					"DEBUG=1",
					"$(inherited)",
				);
				GCC_WARN_64_TO_32_BIT_CONVERSION = YES;
				GCC_WARN_ABOUT_RETURN_TYPE = YES_ERROR;
				GCC_WARN_UNDECLARED_SELECTOR = YES;
				GCC_WARN_UNINITIALIZED_AUTOS = YES_AGGRESSIVE;
				GCC_WARN_UNUSED_FUNCTION = YES;
				GCC_WARN_UNUSED_VARIABLE = YES;
				IPHONEOS_DEPLOYMENT_TARGET = 13.2;
				MTL_ENABLE_DEBUG_INFO = INCLUDE_SOURCE;
				MTL_FAST_MATH = YES;
				ONLY_ACTIVE_ARCH = YES;
				SDKROOT = iphoneos;
				SWIFT_ACTIVE_COMPILATION_CONDITIONS = DEBUG;
				SWIFT_OPTIMIZATION_LEVEL = "-Onone";
			};
			name = Debug;
		};
		A20B1C3124DDE2BE000AE004 /* Release */ = {
			isa = XCBuildConfiguration;
			buildSettings = {
				ALWAYS_SEARCH_USER_PATHS = NO;
				CLANG_ANALYZER_NONNULL = YES;
				CLANG_ANALYZER_NUMBER_OBJECT_CONVERSION = YES_AGGRESSIVE;
				CLANG_CXX_LANGUAGE_STANDARD = "gnu++14";
				CLANG_CXX_LIBRARY = "libc++";
				CLANG_ENABLE_MODULES = YES;
				CLANG_ENABLE_OBJC_ARC = YES;
				CLANG_ENABLE_OBJC_WEAK = YES;
				CLANG_WARN_BLOCK_CAPTURE_AUTORELEASING = YES;
				CLANG_WARN_BOOL_CONVERSION = YES;
				CLANG_WARN_COMMA = YES;
				CLANG_WARN_CONSTANT_CONVERSION = YES;
				CLANG_WARN_DEPRECATED_OBJC_IMPLEMENTATIONS = YES;
				CLANG_WARN_DIRECT_OBJC_ISA_USAGE = YES_ERROR;
				CLANG_WARN_DOCUMENTATION_COMMENTS = YES;
				CLANG_WARN_EMPTY_BODY = YES;
				CLANG_WARN_ENUM_CONVERSION = YES;
				CLANG_WARN_INFINITE_RECURSION = YES;
				CLANG_WARN_INT_CONVERSION = YES;
				CLANG_WARN_NON_LITERAL_NULL_CONVERSION = YES;
				CLANG_WARN_OBJC_IMPLICIT_RETAIN_SELF = YES;
				CLANG_WARN_OBJC_LITERAL_CONVERSION = YES;
				CLANG_WARN_OBJC_ROOT_CLASS = YES_ERROR;
				CLANG_WARN_RANGE_LOOP_ANALYSIS = YES;
				CLANG_WARN_STRICT_PROTOTYPES = YES;
				CLANG_WARN_SUSPICIOUS_MOVE = YES;
				CLANG_WARN_UNGUARDED_AVAILABILITY = YES_AGGRESSIVE;
				CLANG_WARN_UNREACHABLE_CODE = YES;
				CLANG_WARN__DUPLICATE_METHOD_MATCH = YES;
				COPY_PHASE_STRIP = NO;
				DEBUG_INFORMATION_FORMAT = "dwarf-with-dsym";
				ENABLE_NS_ASSERTIONS = NO;
				ENABLE_STRICT_OBJC_MSGSEND = YES;
				GCC_C_LANGUAGE_STANDARD = gnu11;
				GCC_NO_COMMON_BLOCKS = YES;
				GCC_WARN_64_TO_32_BIT_CONVERSION = YES;
				GCC_WARN_ABOUT_RETURN_TYPE = YES_ERROR;
				GCC_WARN_UNDECLARED_SELECTOR = YES;
				GCC_WARN_UNINITIALIZED_AUTOS = YES_AGGRESSIVE;
				GCC_WARN_UNUSED_FUNCTION = YES;
				GCC_WARN_UNUSED_VARIABLE = YES;
				IPHONEOS_DEPLOYMENT_TARGET = 13.2;
				MTL_ENABLE_DEBUG_INFO = NO;
				MTL_FAST_MATH = YES;
				SDKROOT = iphoneos;
				SWIFT_COMPILATION_MODE = wholemodule;
				SWIFT_OPTIMIZATION_LEVEL = "-O";
				VALIDATE_PRODUCT = YES;
			};
			name = Release;
		};
		A20B1C3324DDE2BE000AE004 /* Debug */ = {
			isa = XCBuildConfiguration;
			buildSettings = {
				ASSETCATALOG_COMPILER_APPICON_NAME = AppIcon;
				CODE_SIGN_STYLE = Automatic;
				DEVELOPMENT_TEAM = WK2HM8T57N;
				INFOPLIST_FILE = Main/Info.plist;
				IPHONEOS_DEPLOYMENT_TARGET = 10.0;
				LD_RUNPATH_SEARCH_PATHS = (
					"$(inherited)",
					"@executable_path/Frameworks",
				);
				PRODUCT_BUNDLE_IDENTIFIER = Caesura.Example;
				PRODUCT_NAME = "$(TARGET_NAME)";
				SWIFT_VERSION = 5.0;
				TARGETED_DEVICE_FAMILY = "1,2";
			};
			name = Debug;
		};
		A20B1C3424DDE2BE000AE004 /* Release */ = {
			isa = XCBuildConfiguration;
			buildSettings = {
				ASSETCATALOG_COMPILER_APPICON_NAME = AppIcon;
				CODE_SIGN_STYLE = Automatic;
				DEVELOPMENT_TEAM = WK2HM8T57N;
				INFOPLIST_FILE = Main/Info.plist;
				IPHONEOS_DEPLOYMENT_TARGET = 10.0;
				LD_RUNPATH_SEARCH_PATHS = (
					"$(inherited)",
					"@executable_path/Frameworks",
				);
				PRODUCT_BUNDLE_IDENTIFIER = Caesura.Example;
				PRODUCT_NAME = "$(TARGET_NAME)";
				SWIFT_VERSION = 5.0;
				TARGETED_DEVICE_FAMILY = "1,2";
			};
			name = Release;
		};
		A20B1C3624DDE2BE000AE004 /* Debug */ = {
			isa = XCBuildConfiguration;
			buildSettings = {
				BUNDLE_LOADER = "$(TEST_HOST)";
				CODE_SIGN_STYLE = Automatic;
				DEVELOPMENT_TEAM = WK2HM8T57N;
				INFOPLIST_FILE = ../Tests/Info.plist;
				IPHONEOS_DEPLOYMENT_TARGET = 10.0;
				LD_RUNPATH_SEARCH_PATHS = (
					"$(inherited)",
					"@executable_path/Frameworks",
					"@loader_path/Frameworks",
				);
				PRODUCT_BUNDLE_IDENTIFIER = Caesura.Tests;
				PRODUCT_NAME = "$(TARGET_NAME)";
				SWIFT_VERSION = 5.0;
				TARGETED_DEVICE_FAMILY = "1,2";
				TEST_HOST = "$(BUILT_PRODUCTS_DIR)/Example.app/Example";
			};
			name = Debug;
		};
		A20B1C3724DDE2BE000AE004 /* Release */ = {
			isa = XCBuildConfiguration;
			buildSettings = {
				BUNDLE_LOADER = "$(TEST_HOST)";
				CODE_SIGN_STYLE = Automatic;
				DEVELOPMENT_TEAM = WK2HM8T57N;
				INFOPLIST_FILE = ../Tests/Info.plist;
				IPHONEOS_DEPLOYMENT_TARGET = 10.0;
				LD_RUNPATH_SEARCH_PATHS = (
					"$(inherited)",
					"@executable_path/Frameworks",
					"@loader_path/Frameworks",
				);
				PRODUCT_BUNDLE_IDENTIFIER = Caesura.Tests;
				PRODUCT_NAME = "$(TARGET_NAME)";
				SWIFT_VERSION = 5.0;
				TARGETED_DEVICE_FAMILY = "1,2";
				TEST_HOST = "$(BUILT_PRODUCTS_DIR)/Example.app/Example";
			};
			name = Release;
		};
/* End XCBuildConfiguration section */

/* Begin XCConfigurationList section */
		A20B1C0E24DDE2BC000AE004 /* Build configuration list for PBXProject "Example" */ = {
			isa = XCConfigurationList;
			buildConfigurations = (
				A20B1C3024DDE2BE000AE004 /* Debug */,
				A20B1C3124DDE2BE000AE004 /* Release */,
			);
			defaultConfigurationIsVisible = 0;
			defaultConfigurationName = Release;
		};
		A20B1C3224DDE2BE000AE004 /* Build configuration list for PBXNativeTarget "Example" */ = {
			isa = XCConfigurationList;
			buildConfigurations = (
				A20B1C3324DDE2BE000AE004 /* Debug */,
				A20B1C3424DDE2BE000AE004 /* Release */,
			);
			defaultConfigurationIsVisible = 0;
			defaultConfigurationName = Release;
		};
		A20B1C3524DDE2BE000AE004 /* Build configuration list for PBXNativeTarget "Tests" */ = {
			isa = XCConfigurationList;
			buildConfigurations = (
				A20B1C3624DDE2BE000AE004 /* Debug */,
				A20B1C3724DDE2BE000AE004 /* Release */,
			);
			defaultConfigurationIsVisible = 0;
			defaultConfigurationName = Release;
		};
/* End XCConfigurationList section */
	};
	rootObject = A20B1C0B24DDE2BC000AE004 /* Project object */;
}
