// !$*UTF8*$!
{
	archiveVersion = 1;
	classes = {
	};
	objectVersion = 51;
	objects = {

/* Begin PBXBuildFile section */
		A28406F824E9EE2800C487B0 /* TabOne.framework in Frameworks */ = {isa = PBXBuildFile; fileRef = A28406EE24E9EE2800C487B0 /* TabOne.framework */; };
		A28406FD24E9EE2800C487B0 /* TabOneTests.swift in Sources */ = {isa = PBXBuildFile; fileRef = A28406FC24E9EE2800C487B0 /* TabOneTests.swift */; };
		A28406FF24E9EE2800C487B0 /* TabOne.h in Headers */ = {isa = PBXBuildFile; fileRef = A28406F124E9EE2800C487B0 /* TabOne.h */; settings = {ATTRIBUTES = (Public, ); }; };
		A284078024E9F1D200C487B0 /* ViewController.swift in Sources */ = {isa = PBXBuildFile; fileRef = A284077F24E9F1D200C487B0 /* ViewController.swift */; };
		A284078224E9F1DB00C487B0 /* ViewControllerConnection.swift in Sources */ = {isa = PBXBuildFile; fileRef = A284078124E9F1DB00C487B0 /* ViewControllerConnection.swift */; };
		A284078424E9F21200C487B0 /* TabTwo.framework in Frameworks */ = {isa = PBXBuildFile; fileRef = A284078324E9F21200C487B0 /* TabTwo.framework */; };
		A284078824E9F24300C487B0 /* Module.swift in Sources */ = {isa = PBXBuildFile; fileRef = A284078724E9F24300C487B0 /* Module.swift */; };
		A284078A24E9F28E00C487B0 /* State.swift in Sources */ = {isa = PBXBuildFile; fileRef = A284078924E9F28E00C487B0 /* State.swift */; };
		A284078C24E9F2A300C487B0 /* Action.swift in Sources */ = {isa = PBXBuildFile; fileRef = A284078B24E9F2A300C487B0 /* Action.swift */; };
		A284078E24E9F2BD00C487B0 /* NavigationActionMapper.swift in Sources */ = {isa = PBXBuildFile; fileRef = A284078D24E9F2BD00C487B0 /* NavigationActionMapper.swift */; };
		A28407F624EA11F600C487B0 /* Common.framework in Frameworks */ = {isa = PBXBuildFile; fileRef = A28407F524EA11F600C487B0 /* Common.framework */; };
		C13CFA3EA8E5DE1A7E28D673 /* Pods_Features_TabOne_TabOneTests.framework in Frameworks */ = {isa = PBXBuildFile; fileRef = 0B47897DBC70BBDB82298952 /* Pods_Features_TabOne_TabOneTests.framework */; };
		D4E6D3C3D0A6846CD5C4984C /* Pods_Features_TabOne.framework in Frameworks */ = {isa = PBXBuildFile; fileRef = 77F41A8D73C66CDBB8B4C484 /* Pods_Features_TabOne.framework */; };
/* End PBXBuildFile section */

/* Begin PBXContainerItemProxy section */
		A28406F924E9EE2800C487B0 /* PBXContainerItemProxy */ = {
			isa = PBXContainerItemProxy;
			containerPortal = A28406E524E9EE2800C487B0 /* Project object */;
			proxyType = 1;
			remoteGlobalIDString = A28406ED24E9EE2800C487B0;
			remoteInfo = TabOne;
		};
/* End PBXContainerItemProxy section */

/* Begin PBXFileReference section */
		06D3096B50B32F0B8DF4B8CC /* Pods-Whatever-TabOne.debug.xcconfig */ = {isa = PBXFileReference; includeInIndex = 1; lastKnownFileType = text.xcconfig; name = "Pods-Whatever-TabOne.debug.xcconfig"; path = "Target Support Files/Pods-Whatever-TabOne/Pods-Whatever-TabOne.debug.xcconfig"; sourceTree = "<group>"; };
		0B47897DBC70BBDB82298952 /* Pods_Features_TabOne_TabOneTests.framework */ = {isa = PBXFileReference; explicitFileType = wrapper.framework; includeInIndex = 0; path = Pods_Features_TabOne_TabOneTests.framework; sourceTree = BUILT_PRODUCTS_DIR; };
		6695A087E1BC3E43818EFE62 /* Pods-Features-TabOne-TabOneTests.release.xcconfig */ = {isa = PBXFileReference; includeInIndex = 1; lastKnownFileType = text.xcconfig; name = "Pods-Features-TabOne-TabOneTests.release.xcconfig"; path = "Target Support Files/Pods-Features-TabOne-TabOneTests/Pods-Features-TabOne-TabOneTests.release.xcconfig"; sourceTree = "<group>"; };
		74812FFEDE0AC3BCFA626B7D /* Pods-TabOne.debug.xcconfig */ = {isa = PBXFileReference; includeInIndex = 1; lastKnownFileType = text.xcconfig; name = "Pods-TabOne.debug.xcconfig"; path = "Target Support Files/Pods-TabOne/Pods-TabOne.debug.xcconfig"; sourceTree = "<group>"; };
		77F41A8D73C66CDBB8B4C484 /* Pods_Features_TabOne.framework */ = {isa = PBXFileReference; explicitFileType = wrapper.framework; includeInIndex = 0; path = Pods_Features_TabOne.framework; sourceTree = BUILT_PRODUCTS_DIR; };
		89C67AE85441D9D18C042EDB /* Pods-Features-TabOne.debug.xcconfig */ = {isa = PBXFileReference; includeInIndex = 1; lastKnownFileType = text.xcconfig; name = "Pods-Features-TabOne.debug.xcconfig"; path = "Target Support Files/Pods-Features-TabOne/Pods-Features-TabOne.debug.xcconfig"; sourceTree = "<group>"; };
		A28406EE24E9EE2800C487B0 /* TabOne.framework */ = {isa = PBXFileReference; explicitFileType = wrapper.framework; includeInIndex = 0; path = TabOne.framework; sourceTree = BUILT_PRODUCTS_DIR; };
		A28406F124E9EE2800C487B0 /* TabOne.h */ = {isa = PBXFileReference; lastKnownFileType = sourcecode.c.h; path = TabOne.h; sourceTree = "<group>"; };
		A28406F224E9EE2800C487B0 /* Info.plist */ = {isa = PBXFileReference; lastKnownFileType = text.plist.xml; path = Info.plist; sourceTree = "<group>"; };
		A28406F724E9EE2800C487B0 /* TabOneTests.xctest */ = {isa = PBXFileReference; explicitFileType = wrapper.cfbundle; includeInIndex = 0; path = TabOneTests.xctest; sourceTree = BUILT_PRODUCTS_DIR; };
		A28406FC24E9EE2800C487B0 /* TabOneTests.swift */ = {isa = PBXFileReference; lastKnownFileType = sourcecode.swift; path = TabOneTests.swift; sourceTree = "<group>"; };
		A28406FE24E9EE2800C487B0 /* Info.plist */ = {isa = PBXFileReference; lastKnownFileType = text.plist.xml; path = Info.plist; sourceTree = "<group>"; };
		A284077F24E9F1D200C487B0 /* ViewController.swift */ = {isa = PBXFileReference; lastKnownFileType = sourcecode.swift; path = ViewController.swift; sourceTree = "<group>"; };
		A284078124E9F1DB00C487B0 /* ViewControllerConnection.swift */ = {isa = PBXFileReference; lastKnownFileType = sourcecode.swift; path = ViewControllerConnection.swift; sourceTree = "<group>"; };
		A284078324E9F21200C487B0 /* TabTwo.framework */ = {isa = PBXFileReference; explicitFileType = wrapper.framework; path = TabTwo.framework; sourceTree = BUILT_PRODUCTS_DIR; };
		A284078724E9F24300C487B0 /* Module.swift */ = {isa = PBXFileReference; lastKnownFileType = sourcecode.swift; path = Module.swift; sourceTree = "<group>"; };
		A284078924E9F28E00C487B0 /* State.swift */ = {isa = PBXFileReference; lastKnownFileType = sourcecode.swift; path = State.swift; sourceTree = "<group>"; };
		A284078B24E9F2A300C487B0 /* Action.swift */ = {isa = PBXFileReference; lastKnownFileType = sourcecode.swift; path = Action.swift; sourceTree = "<group>"; };
		A284078D24E9F2BD00C487B0 /* NavigationActionMapper.swift */ = {isa = PBXFileReference; lastKnownFileType = sourcecode.swift; path = NavigationActionMapper.swift; sourceTree = "<group>"; };
		A28407F524EA11F600C487B0 /* Common.framework */ = {isa = PBXFileReference; explicitFileType = wrapper.framework; path = Common.framework; sourceTree = BUILT_PRODUCTS_DIR; };
		BE510975A2ECCC606304AEE8 /* Pods-Features-TabOne.release.xcconfig */ = {isa = PBXFileReference; includeInIndex = 1; lastKnownFileType = text.xcconfig; name = "Pods-Features-TabOne.release.xcconfig"; path = "Target Support Files/Pods-Features-TabOne/Pods-Features-TabOne.release.xcconfig"; sourceTree = "<group>"; };
		C510D179CFA9513DB07850BD /* Pods-TabOne.release.xcconfig */ = {isa = PBXFileReference; includeInIndex = 1; lastKnownFileType = text.xcconfig; name = "Pods-TabOne.release.xcconfig"; path = "Target Support Files/Pods-TabOne/Pods-TabOne.release.xcconfig"; sourceTree = "<group>"; };
		E2D3C862E4507A581FE8EC51 /* Pods-Features-TabOne-TabOneTests.debug.xcconfig */ = {isa = PBXFileReference; includeInIndex = 1; lastKnownFileType = text.xcconfig; name = "Pods-Features-TabOne-TabOneTests.debug.xcconfig"; path = "Target Support Files/Pods-Features-TabOne-TabOneTests/Pods-Features-TabOne-TabOneTests.debug.xcconfig"; sourceTree = "<group>"; };
		F6E78F658BF76AB57767F4EB /* Pods-Whatever-TabOne.release.xcconfig */ = {isa = PBXFileReference; includeInIndex = 1; lastKnownFileType = text.xcconfig; name = "Pods-Whatever-TabOne.release.xcconfig"; path = "Target Support Files/Pods-Whatever-TabOne/Pods-Whatever-TabOne.release.xcconfig"; sourceTree = "<group>"; };
/* End PBXFileReference section */

/* Begin PBXFrameworksBuildPhase section */
		A28406EB24E9EE2800C487B0 /* Frameworks */ = {
			isa = PBXFrameworksBuildPhase;
			buildActionMask = 2147483647;
			files = (
				A28407F624EA11F600C487B0 /* Common.framework in Frameworks */,
				A284078424E9F21200C487B0 /* TabTwo.framework in Frameworks */,
				D4E6D3C3D0A6846CD5C4984C /* Pods_Features_TabOne.framework in Frameworks */,
			);
			runOnlyForDeploymentPostprocessing = 0;
		};
		A28406F424E9EE2800C487B0 /* Frameworks */ = {
			isa = PBXFrameworksBuildPhase;
			buildActionMask = 2147483647;
			files = (
				A28406F824E9EE2800C487B0 /* TabOne.framework in Frameworks */,
				C13CFA3EA8E5DE1A7E28D673 /* Pods_Features_TabOne_TabOneTests.framework in Frameworks */,
			);
			runOnlyForDeploymentPostprocessing = 0;
		};
/* End PBXFrameworksBuildPhase section */

/* Begin PBXGroup section */
		14845B0869925BCB6039422D /* Frameworks */ = {
			isa = PBXGroup;
			children = (
				A28407F524EA11F600C487B0 /* Common.framework */,
				A284078324E9F21200C487B0 /* TabTwo.framework */,
				77F41A8D73C66CDBB8B4C484 /* Pods_Features_TabOne.framework */,
				0B47897DBC70BBDB82298952 /* Pods_Features_TabOne_TabOneTests.framework */,
			);
			name = Frameworks;
			sourceTree = "<group>";
		};
		A28406E424E9EE2800C487B0 = {
			isa = PBXGroup;
			children = (
				A28406F024E9EE2800C487B0 /* TabOne */,
				A28406FB24E9EE2800C487B0 /* TabOneTests */,
				A28406EF24E9EE2800C487B0 /* Products */,
				BE6D4B2281A739E14F0203AE /* Pods */,
				14845B0869925BCB6039422D /* Frameworks */,
			);
			sourceTree = "<group>";
		};
		A28406EF24E9EE2800C487B0 /* Products */ = {
			isa = PBXGroup;
			children = (
				A28406EE24E9EE2800C487B0 /* TabOne.framework */,
				A28406F724E9EE2800C487B0 /* TabOneTests.xctest */,
			);
			name = Products;
			sourceTree = "<group>";
		};
		A28406F024E9EE2800C487B0 /* TabOne */ = {
			isa = PBXGroup;
			children = (
				A284073424E9EEB800C487B0 /* UI */,
				A284078724E9F24300C487B0 /* Module.swift */,
				A284078924E9F28E00C487B0 /* State.swift */,
				A284078B24E9F2A300C487B0 /* Action.swift */,
				A284078D24E9F2BD00C487B0 /* NavigationActionMapper.swift */,
				A28406F124E9EE2800C487B0 /* TabOne.h */,
				A28406F224E9EE2800C487B0 /* Info.plist */,
			);
			path = TabOne;
			sourceTree = "<group>";
		};
		A28406FB24E9EE2800C487B0 /* TabOneTests */ = {
			isa = PBXGroup;
			children = (
				A28406FC24E9EE2800C487B0 /* TabOneTests.swift */,
				A28406FE24E9EE2800C487B0 /* Info.plist */,
			);
			path = TabOneTests;
			sourceTree = "<group>";
		};
		A284073424E9EEB800C487B0 /* UI */ = {
			isa = PBXGroup;
			children = (
				A284077F24E9F1D200C487B0 /* ViewController.swift */,
				A284078124E9F1DB00C487B0 /* ViewControllerConnection.swift */,
			);
			path = UI;
			sourceTree = "<group>";
		};
		BE6D4B2281A739E14F0203AE /* Pods */ = {
			isa = PBXGroup;
			children = (
				74812FFEDE0AC3BCFA626B7D /* Pods-TabOne.debug.xcconfig */,
				C510D179CFA9513DB07850BD /* Pods-TabOne.release.xcconfig */,
				06D3096B50B32F0B8DF4B8CC /* Pods-Whatever-TabOne.debug.xcconfig */,
				F6E78F658BF76AB57767F4EB /* Pods-Whatever-TabOne.release.xcconfig */,
				89C67AE85441D9D18C042EDB /* Pods-Features-TabOne.debug.xcconfig */,
				BE510975A2ECCC606304AEE8 /* Pods-Features-TabOne.release.xcconfig */,
				E2D3C862E4507A581FE8EC51 /* Pods-Features-TabOne-TabOneTests.debug.xcconfig */,
				6695A087E1BC3E43818EFE62 /* Pods-Features-TabOne-TabOneTests.release.xcconfig */,
			);
			name = Pods;
			path = ../../Pods;
			sourceTree = "<group>";
		};
/* End PBXGroup section */

/* Begin PBXHeadersBuildPhase section */
		A28406E924E9EE2800C487B0 /* Headers */ = {
			isa = PBXHeadersBuildPhase;
			buildActionMask = 2147483647;
			files = (
				A28406FF24E9EE2800C487B0 /* TabOne.h in Headers */,
			);
			runOnlyForDeploymentPostprocessing = 0;
		};
/* End PBXHeadersBuildPhase section */

/* Begin PBXNativeTarget section */
		A28406ED24E9EE2800C487B0 /* TabOne */ = {
			isa = PBXNativeTarget;
			buildConfigurationList = A284070224E9EE2800C487B0 /* Build configuration list for PBXNativeTarget "TabOne" */;
			buildPhases = (
				432E032570403B7266ADB371 /* [CP] Check Pods Manifest.lock */,
				A28406E924E9EE2800C487B0 /* Headers */,
				A28406EA24E9EE2800C487B0 /* Sources */,
				A28406EB24E9EE2800C487B0 /* Frameworks */,
				A28406EC24E9EE2800C487B0 /* Resources */,
			);
			buildRules = (
			);
			dependencies = (
			);
			name = TabOne;
			productName = TabOne;
			productReference = A28406EE24E9EE2800C487B0 /* TabOne.framework */;
			productType = "com.apple.product-type.framework";
		};
		A28406F624E9EE2800C487B0 /* TabOneTests */ = {
			isa = PBXNativeTarget;
			buildConfigurationList = A284070524E9EE2800C487B0 /* Build configuration list for PBXNativeTarget "TabOneTests" */;
			buildPhases = (
				3C02DA79F8F350241AB16811 /* [CP] Check Pods Manifest.lock */,
				A28406F324E9EE2800C487B0 /* Sources */,
				A28406F424E9EE2800C487B0 /* Frameworks */,
				A28406F524E9EE2800C487B0 /* Resources */,
				D6A7096EAD62F2AD124052BA /* [CP] Embed Pods Frameworks */,
			);
			buildRules = (
			);
			dependencies = (
				A28406FA24E9EE2800C487B0 /* PBXTargetDependency */,
			);
			name = TabOneTests;
			productName = TabOneTests;
			productReference = A28406F724E9EE2800C487B0 /* TabOneTests.xctest */;
			productType = "com.apple.product-type.bundle.unit-test";
		};
/* End PBXNativeTarget section */

/* Begin PBXProject section */
		A28406E524E9EE2800C487B0 /* Project object */ = {
			isa = PBXProject;
			attributes = {
				LastSwiftUpdateCheck = 1130;
				LastUpgradeCheck = 1130;
				ORGANIZATIONNAME = LucianoPolit;
				TargetAttributes = {
					A28406ED24E9EE2800C487B0 = {
						CreatedOnToolsVersion = 11.3.1;
						LastSwiftMigration = 1130;
					};
					A28406F624E9EE2800C487B0 = {
						CreatedOnToolsVersion = 11.3.1;
					};
				};
			};
			buildConfigurationList = A28406E824E9EE2800C487B0 /* Build configuration list for PBXProject "TabOne" */;
			compatibilityVersion = "Xcode 9.3";
			developmentRegion = en;
			hasScannedForEncodings = 0;
			knownRegions = (
				en,
				Base,
			);
			mainGroup = A28406E424E9EE2800C487B0;
			productRefGroup = A28406EF24E9EE2800C487B0 /* Products */;
			projectDirPath = "";
			projectRoot = "";
			targets = (
				A28406ED24E9EE2800C487B0 /* TabOne */,
				A28406F624E9EE2800C487B0 /* TabOneTests */,
			);
		};
/* End PBXProject section */

/* Begin PBXResourcesBuildPhase section */
		A28406EC24E9EE2800C487B0 /* Resources */ = {
			isa = PBXResourcesBuildPhase;
			buildActionMask = 2147483647;
			files = (
			);
			runOnlyForDeploymentPostprocessing = 0;
		};
		A28406F524E9EE2800C487B0 /* Resources */ = {
			isa = PBXResourcesBuildPhase;
			buildActionMask = 2147483647;
			files = (
			);
			runOnlyForDeploymentPostprocessing = 0;
		};
/* End PBXResourcesBuildPhase section */

/* Begin PBXShellScriptBuildPhase section */
		3C02DA79F8F350241AB16811 /* [CP] Check Pods Manifest.lock */ = {
			isa = PBXShellScriptBuildPhase;
			buildActionMask = 2147483647;
			files = (
			);
			inputFileListPaths = (
			);
			inputPaths = (
				"${PODS_PODFILE_DIR_PATH}/Podfile.lock",
				"${PODS_ROOT}/Manifest.lock",
			);
			name = "[CP] Check Pods Manifest.lock";
			outputFileListPaths = (
			);
			outputPaths = (
				"$(DERIVED_FILE_DIR)/Pods-Features-TabOne-TabOneTests-checkManifestLockResult.txt",
			);
			runOnlyForDeploymentPostprocessing = 0;
			shellPath = /bin/sh;
			shellScript = "diff \"${PODS_PODFILE_DIR_PATH}/Podfile.lock\" \"${PODS_ROOT}/Manifest.lock\" > /dev/null\nif [ $? != 0 ] ; then\n    # print error to STDERR\n    echo \"error: The sandbox is not in sync with the Podfile.lock. Run 'pod install' or update your CocoaPods installation.\" >&2\n    exit 1\nfi\n# This output is used by Xcode 'outputs' to avoid re-running this script phase.\necho \"SUCCESS\" > \"${SCRIPT_OUTPUT_FILE_0}\"\n";
			showEnvVarsInLog = 0;
		};
		432E032570403B7266ADB371 /* [CP] Check Pods Manifest.lock */ = {
			isa = PBXShellScriptBuildPhase;
			buildActionMask = 2147483647;
			files = (
			);
			inputFileListPaths = (
			);
			inputPaths = (
				"${PODS_PODFILE_DIR_PATH}/Podfile.lock",
				"${PODS_ROOT}/Manifest.lock",
			);
			name = "[CP] Check Pods Manifest.lock";
			outputFileListPaths = (
			);
			outputPaths = (
				"$(DERIVED_FILE_DIR)/Pods-Features-TabOne-checkManifestLockResult.txt",
			);
			runOnlyForDeploymentPostprocessing = 0;
			shellPath = /bin/sh;
			shellScript = "diff \"${PODS_PODFILE_DIR_PATH}/Podfile.lock\" \"${PODS_ROOT}/Manifest.lock\" > /dev/null\nif [ $? != 0 ] ; then\n    # print error to STDERR\n    echo \"error: The sandbox is not in sync with the Podfile.lock. Run 'pod install' or update your CocoaPods installation.\" >&2\n    exit 1\nfi\n# This output is used by Xcode 'outputs' to avoid re-running this script phase.\necho \"SUCCESS\" > \"${SCRIPT_OUTPUT_FILE_0}\"\n";
			showEnvVarsInLog = 0;
		};
		D6A7096EAD62F2AD124052BA /* [CP] Embed Pods Frameworks */ = {
			isa = PBXShellScriptBuildPhase;
			buildActionMask = 2147483647;
			files = (
			);
			inputFileListPaths = (
				"${PODS_ROOT}/Target Support Files/Pods-Features-TabOne-TabOneTests/Pods-Features-TabOne-TabOneTests-frameworks-${CONFIGURATION}-input-files.xcfilelist",
			);
			name = "[CP] Embed Pods Frameworks";
			outputFileListPaths = (
				"${PODS_ROOT}/Target Support Files/Pods-Features-TabOne-TabOneTests/Pods-Features-TabOne-TabOneTests-frameworks-${CONFIGURATION}-output-files.xcfilelist",
			);
			runOnlyForDeploymentPostprocessing = 0;
			shellPath = /bin/sh;
			shellScript = "\"${PODS_ROOT}/Target Support Files/Pods-Features-TabOne-TabOneTests/Pods-Features-TabOne-TabOneTests-frameworks.sh\"\n";
			showEnvVarsInLog = 0;
		};
/* End PBXShellScriptBuildPhase section */

/* Begin PBXSourcesBuildPhase section */
		A28406EA24E9EE2800C487B0 /* Sources */ = {
			isa = PBXSourcesBuildPhase;
			buildActionMask = 2147483647;
			files = (
				A284078224E9F1DB00C487B0 /* ViewControllerConnection.swift in Sources */,
				A284078C24E9F2A300C487B0 /* Action.swift in Sources */,
				A284078E24E9F2BD00C487B0 /* NavigationActionMapper.swift in Sources */,
				A284078824E9F24300C487B0 /* Module.swift in Sources */,
				A284078A24E9F28E00C487B0 /* State.swift in Sources */,
				A284078024E9F1D200C487B0 /* ViewController.swift in Sources */,
			);
			runOnlyForDeploymentPostprocessing = 0;
		};
		A28406F324E9EE2800C487B0 /* Sources */ = {
			isa = PBXSourcesBuildPhase;
			buildActionMask = 2147483647;
			files = (
				A28406FD24E9EE2800C487B0 /* TabOneTests.swift in Sources */,
			);
			runOnlyForDeploymentPostprocessing = 0;
		};
/* End PBXSourcesBuildPhase section */

/* Begin PBXTargetDependency section */
		A28406FA24E9EE2800C487B0 /* PBXTargetDependency */ = {
			isa = PBXTargetDependency;
			target = A28406ED24E9EE2800C487B0 /* TabOne */;
			targetProxy = A28406F924E9EE2800C487B0 /* PBXContainerItemProxy */;
		};
/* End PBXTargetDependency section */

/* Begin XCBuildConfiguration section */
		A284070024E9EE2800C487B0 /* Debug */ = {
			isa = XCBuildConfiguration;
			buildSettings = {
				ALWAYS_SEARCH_USER_PATHS = NO;
				CLANG_ANALYZER_NONNULL = YES;
				CLANG_ANALYZER_NUMBER_OBJECT_CONVERSION = YES_AGGRESSIVE;
				CLANG_CXX_LANGUAGE_STANDARD = "gnu++14";
				CLANG_CXX_LIBRARY = "libc++";
				CLANG_ENABLE_MODULES = YES;
				CLANG_ENABLE_OBJC_ARC = YES;
				CLANG_ENABLE_OBJC_WEAK = YES;
				CLANG_WARN_BLOCK_CAPTURE_AUTORELEASING = YES;
				CLANG_WARN_BOOL_CONVERSION = YES;
				CLANG_WARN_COMMA = YES;
				CLANG_WARN_CONSTANT_CONVERSION = YES;
				CLANG_WARN_DEPRECATED_OBJC_IMPLEMENTATIONS = YES;
				CLANG_WARN_DIRECT_OBJC_ISA_USAGE = YES_ERROR;
				CLANG_WARN_DOCUMENTATION_COMMENTS = YES;
				CLANG_WARN_EMPTY_BODY = YES;
				CLANG_WARN_ENUM_CONVERSION = YES;
				CLANG_WARN_INFINITE_RECURSION = YES;
				CLANG_WARN_INT_CONVERSION = YES;
				CLANG_WARN_NON_LITERAL_NULL_CONVERSION = YES;
				CLANG_WARN_OBJC_IMPLICIT_RETAIN_SELF = YES;
				CLANG_WARN_OBJC_LITERAL_CONVERSION = YES;
				CLANG_WARN_OBJC_ROOT_CLASS = YES_ERROR;
				CLANG_WARN_RANGE_LOOP_ANALYSIS = YES;
				CLANG_WARN_STRICT_PROTOTYPES = YES;
				CLANG_WARN_SUSPICIOUS_MOVE = YES;
				CLANG_WARN_UNGUARDED_AVAILABILITY = YES_AGGRESSIVE;
				CLANG_WARN_UNREACHABLE_CODE = YES;
				CLANG_WARN__DUPLICATE_METHOD_MATCH = YES;
				COPY_PHASE_STRIP = NO;
				CURRENT_PROJECT_VERSION = 1;
				DEBUG_INFORMATION_FORMAT = dwarf;
				ENABLE_STRICT_OBJC_MSGSEND = YES;
				ENABLE_TESTABILITY = YES;
				GCC_C_LANGUAGE_STANDARD = gnu11;
				GCC_DYNAMIC_NO_PIC = NO;
				GCC_NO_COMMON_BLOCKS = YES;
				GCC_OPTIMIZATION_LEVEL = 0;
				GCC_PREPROCESSOR_DEFINITIONS = (
					"DEBUG=1",
					"$(inherited)",
				);
				GCC_WARN_64_TO_32_BIT_CONVERSION = YES;
				GCC_WARN_ABOUT_RETURN_TYPE = YES_ERROR;
				GCC_WARN_UNDECLARED_SELECTOR = YES;
				GCC_WARN_UNINITIALIZED_AUTOS = YES_AGGRESSIVE;
				GCC_WARN_UNUSED_FUNCTION = YES;
				GCC_WARN_UNUSED_VARIABLE = YES;
				IPHONEOS_DEPLOYMENT_TARGET = 13.2;
				MTL_ENABLE_DEBUG_INFO = INCLUDE_SOURCE;
				MTL_FAST_MATH = YES;
				ONLY_ACTIVE_ARCH = YES;
				SDKROOT = iphoneos;
				SWIFT_ACTIVE_COMPILATION_CONDITIONS = DEBUG;
				SWIFT_OPTIMIZATION_LEVEL = "-Onone";
				VERSIONING_SYSTEM = "apple-generic";
				VERSION_INFO_PREFIX = "";
			};
			name = Debug;
		};
		A284070124E9EE2800C487B0 /* Release */ = {
			isa = XCBuildConfiguration;
			buildSettings = {
				ALWAYS_SEARCH_USER_PATHS = NO;
				CLANG_ANALYZER_NONNULL = YES;
				CLANG_ANALYZER_NUMBER_OBJECT_CONVERSION = YES_AGGRESSIVE;
				CLANG_CXX_LANGUAGE_STANDARD = "gnu++14";
				CLANG_CXX_LIBRARY = "libc++";
				CLANG_ENABLE_MODULES = YES;
				CLANG_ENABLE_OBJC_ARC = YES;
				CLANG_ENABLE_OBJC_WEAK = YES;
				CLANG_WARN_BLOCK_CAPTURE_AUTORELEASING = YES;
				CLANG_WARN_BOOL_CONVERSION = YES;
				CLANG_WARN_COMMA = YES;
				CLANG_WARN_CONSTANT_CONVERSION = YES;
				CLANG_WARN_DEPRECATED_OBJC_IMPLEMENTATIONS = YES;
				CLANG_WARN_DIRECT_OBJC_ISA_USAGE = YES_ERROR;
				CLANG_WARN_DOCUMENTATION_COMMENTS = YES;
				CLANG_WARN_EMPTY_BODY = YES;
				CLANG_WARN_ENUM_CONVERSION = YES;
				CLANG_WARN_INFINITE_RECURSION = YES;
				CLANG_WARN_INT_CONVERSION = YES;
				CLANG_WARN_NON_LITERAL_NULL_CONVERSION = YES;
				CLANG_WARN_OBJC_IMPLICIT_RETAIN_SELF = YES;
				CLANG_WARN_OBJC_LITERAL_CONVERSION = YES;
				CLANG_WARN_OBJC_ROOT_CLASS = YES_ERROR;
				CLANG_WARN_RANGE_LOOP_ANALYSIS = YES;
				CLANG_WARN_STRICT_PROTOTYPES = YES;
				CLANG_WARN_SUSPICIOUS_MOVE = YES;
				CLANG_WARN_UNGUARDED_AVAILABILITY = YES_AGGRESSIVE;
				CLANG_WARN_UNREACHABLE_CODE = YES;
				CLANG_WARN__DUPLICATE_METHOD_MATCH = YES;
				COPY_PHASE_STRIP = NO;
				CURRENT_PROJECT_VERSION = 1;
				DEBUG_INFORMATION_FORMAT = "dwarf-with-dsym";
				ENABLE_NS_ASSERTIONS = NO;
				ENABLE_STRICT_OBJC_MSGSEND = YES;
				GCC_C_LANGUAGE_STANDARD = gnu11;
				GCC_NO_COMMON_BLOCKS = YES;
				GCC_WARN_64_TO_32_BIT_CONVERSION = YES;
				GCC_WARN_ABOUT_RETURN_TYPE = YES_ERROR;
				GCC_WARN_UNDECLARED_SELECTOR = YES;
				GCC_WARN_UNINITIALIZED_AUTOS = YES_AGGRESSIVE;
				GCC_WARN_UNUSED_FUNCTION = YES;
				GCC_WARN_UNUSED_VARIABLE = YES;
				IPHONEOS_DEPLOYMENT_TARGET = 13.2;
				MTL_ENABLE_DEBUG_INFO = NO;
				MTL_FAST_MATH = YES;
				SDKROOT = iphoneos;
				SWIFT_COMPILATION_MODE = wholemodule;
				SWIFT_OPTIMIZATION_LEVEL = "-O";
				VALIDATE_PRODUCT = YES;
				VERSIONING_SYSTEM = "apple-generic";
				VERSION_INFO_PREFIX = "";
			};
			name = Release;
		};
		A284070324E9EE2800C487B0 /* Debug */ = {
			isa = XCBuildConfiguration;
			baseConfigurationReference = 89C67AE85441D9D18C042EDB /* Pods-Features-TabOne.debug.xcconfig */;
			buildSettings = {
				CLANG_ENABLE_MODULES = YES;
				CODE_SIGN_STYLE = Automatic;
				DEFINES_MODULE = YES;
				DEVELOPMENT_TEAM = WK2HM8T57N;
				DYLIB_COMPATIBILITY_VERSION = 1;
				DYLIB_CURRENT_VERSION = 1;
				DYLIB_INSTALL_NAME_BASE = "@rpath";
				INFOPLIST_FILE = TabOne/Info.plist;
				INSTALL_PATH = "$(LOCAL_LIBRARY_DIR)/Frameworks";
				IPHONEOS_DEPLOYMENT_TARGET = 10.0;
				LD_RUNPATH_SEARCH_PATHS = (
					"$(inherited)",
					"@executable_path/Frameworks",
					"@loader_path/Frameworks",
				);
				PRODUCT_BUNDLE_IDENTIFIER = Caesura.TabOne;
				PRODUCT_NAME = "$(TARGET_NAME:c99extidentifier)";
				SKIP_INSTALL = YES;
				SWIFT_OPTIMIZATION_LEVEL = "-Onone";
				SWIFT_VERSION = 5.0;
				TARGETED_DEVICE_FAMILY = "1,2";
			};
			name = Debug;
		};
		A284070424E9EE2800C487B0 /* Release */ = {
			isa = XCBuildConfiguration;
			baseConfigurationReference = BE510975A2ECCC606304AEE8 /* Pods-Features-TabOne.release.xcconfig */;
			buildSettings = {
				CLANG_ENABLE_MODULES = YES;
				CODE_SIGN_STYLE = Automatic;
				DEFINES_MODULE = YES;
				DEVELOPMENT_TEAM = WK2HM8T57N;
				DYLIB_COMPATIBILITY_VERSION = 1;
				DYLIB_CURRENT_VERSION = 1;
				DYLIB_INSTALL_NAME_BASE = "@rpath";
				INFOPLIST_FILE = TabOne/Info.plist;
				INSTALL_PATH = "$(LOCAL_LIBRARY_DIR)/Frameworks";
				IPHONEOS_DEPLOYMENT_TARGET = 10.0;
				LD_RUNPATH_SEARCH_PATHS = (
					"$(inherited)",
					"@executable_path/Frameworks",
					"@loader_path/Frameworks",
				);
				PRODUCT_BUNDLE_IDENTIFIER = Caesura.TabOne;
				PRODUCT_NAME = "$(TARGET_NAME:c99extidentifier)";
				SKIP_INSTALL = YES;
				SWIFT_VERSION = 5.0;
				TARGETED_DEVICE_FAMILY = "1,2";
			};
			name = Release;
		};
		A284070624E9EE2800C487B0 /* Debug */ = {
			isa = XCBuildConfiguration;
			baseConfigurationReference = E2D3C862E4507A581FE8EC51 /* Pods-Features-TabOne-TabOneTests.debug.xcconfig */;
			buildSettings = {
				CODE_SIGN_STYLE = Automatic;
				DEVELOPMENT_TEAM = WK2HM8T57N;
				INFOPLIST_FILE = TabOneTests/Info.plist;
				IPHONEOS_DEPLOYMENT_TARGET = 10.0;
				LD_RUNPATH_SEARCH_PATHS = (
					"$(inherited)",
					"@executable_path/Frameworks",
					"@loader_path/Frameworks",
				);
				PRODUCT_BUNDLE_IDENTIFIER = Caesura.TabOneTests;
				PRODUCT_NAME = "$(TARGET_NAME)";
				SWIFT_VERSION = 5.0;
				TARGETED_DEVICE_FAMILY = "1,2";
			};
			name = Debug;
		};
		A284070724E9EE2800C487B0 /* Release */ = {
			isa = XCBuildConfiguration;
			baseConfigurationReference = 6695A087E1BC3E43818EFE62 /* Pods-Features-TabOne-TabOneTests.release.xcconfig */;
			buildSettings = {
				CODE_SIGN_STYLE = Automatic;
				DEVELOPMENT_TEAM = WK2HM8T57N;
				INFOPLIST_FILE = TabOneTests/Info.plist;
				IPHONEOS_DEPLOYMENT_TARGET = 10.0;
				LD_RUNPATH_SEARCH_PATHS = (
					"$(inherited)",
					"@executable_path/Frameworks",
					"@loader_path/Frameworks",
				);
				PRODUCT_BUNDLE_IDENTIFIER = Caesura.TabOneTests;
				PRODUCT_NAME = "$(TARGET_NAME)";
				SWIFT_VERSION = 5.0;
				TARGETED_DEVICE_FAMILY = "1,2";
			};
			name = Release;
		};
/* End XCBuildConfiguration section */

/* Begin XCConfigurationList section */
		A28406E824E9EE2800C487B0 /* Build configuration list for PBXProject "TabOne" */ = {
			isa = XCConfigurationList;
			buildConfigurations = (
				A284070024E9EE2800C487B0 /* Debug */,
				A284070124E9EE2800C487B0 /* Release */,
			);
			defaultConfigurationIsVisible = 0;
			defaultConfigurationName = Release;
		};
		A284070224E9EE2800C487B0 /* Build configuration list for PBXNativeTarget "TabOne" */ = {
			isa = XCConfigurationList;
			buildConfigurations = (
				A284070324E9EE2800C487B0 /* Debug */,
				A284070424E9EE2800C487B0 /* Release */,
			);
			defaultConfigurationIsVisible = 0;
			defaultConfigurationName = Release;
		};
		A284070524E9EE2800C487B0 /* Build configuration list for PBXNativeTarget "TabOneTests" */ = {
			isa = XCConfigurationList;
			buildConfigurations = (
				A284070624E9EE2800C487B0 /* Debug */,
				A284070724E9EE2800C487B0 /* Release */,
			);
			defaultConfigurationIsVisible = 0;
			defaultConfigurationName = Release;
		};
/* End XCConfigurationList section */
	};
	rootObject = A28406E524E9EE2800C487B0 /* Project object */;
}
